PODS:
  - AFNetworkActivityLogger (2.0.4):
    - AFNetworking/NSURLConnection (~> 2.0)
    - AFNetworking/NSURLSession (~> 2.0)
  - AFNetworking (2.6.0):
    - AFNetworking/NSURLConnection (= 2.6.0)
    - AFNetworking/NSURLSession (= 2.6.0)
    - AFNetworking/Reachability (= 2.6.0)
    - AFNetworking/Security (= 2.6.0)
    - AFNetworking/Serialization (= 2.6.0)
    - AFNetworking/UIKit (= 2.6.0)
  - AFNetworking/NSURLConnection (2.6.0):
    - AFNetworking/Reachability
    - AFNetworking/Security
    - AFNetworking/Serialization
  - AFNetworking/NSURLSession (2.6.0):
    - AFNetworking/Reachability
    - AFNetworking/Security
    - AFNetworking/Serialization
  - AFNetworking/Reachability (2.6.0)
  - AFNetworking/Security (2.6.0)
  - AFNetworking/Serialization (2.6.0)
  - AFNetworking/UIKit (2.6.0):
    - AFNetworking/NSURLConnection
    - AFNetworking/NSURLSession
  - Crashlytics (3.2.0)
  - Fabric (1.4.1):
    - Fabric/Base (= 1.4.1)
  - Fabric/Base (1.4.1)
  - FLAnimatedImage (1.0.8)
  - PINCache (2.0)
  - PINRemoteImage (1.1.2):
    - FLAnimatedImage (>= 1.0)
    - PINCache (>= 2.0)
  - Realm (0.95.0):
    - Realm/Headers (= 0.95.0)
  - Realm/Headers (0.95.0)

DEPENDENCIES:
  - AFNetworkActivityLogger (~> 2.0)
  - AFNetworking (~> 2.6)
  - Crashlytics
  - Fabric
  - PINRemoteImage (~> 1.1)
  - Realm

SPEC CHECKSUMS:
  AFNetworkActivityLogger: 121486778117d53b3ab1c61d264b88081d0c3eee
  AFNetworking: 79f7eb1a0fcfa7beb409332b2ca49afe9ce53b05
  Crashlytics: a29e4f820aa401482b26043dc5d78adf08ac7573
  Fabric: 4f718eeca4c02c7d6f6f4e5f0e5f87c63aa38458
  FLAnimatedImage: f9422f796135aff80d8c00b2afc48015bb746e24
  PINCache: ca953ba93ce1edde056fdd99121ee65b295a08c9
  PINRemoteImage: 0696e5f679deabf2e2ddfb57085fb978ca51bfc3
  Realm: bbb171b96728ea136ed5cd354dca2a3d6529923c

COCOAPODS: 0.38.2
