// !$*UTF8*$!
{
	archiveVersion = 1;
	classes = {
	};
	objectVersion = 46;
	objects = {

/* Begin PBXBuildFile section */
		0005D90F1BEDB23E00DB5DDB /* VanLoadingView.m in Sources */ = {isa = PBXBuildFile; fileRef = 0005D90E1BEDB23E00DB5DDB /* VanLoadingView.m */; };
		0005D9111BEDB24C00DB5DDB /* VanLoadingView.xib in Resources */ = {isa = PBXBuildFile; fileRef = 0005D9101BEDB24C00DB5DDB /* VanLoadingView.xib */; };
		0005D9141BEDB2AF00DB5DDB /* VanLoadingIndicator.m in Sources */ = {isa = PBXBuildFile; fileRef = 0005D9131BEDB2AF00DB5DDB /* VanLoadingIndicator.m */; };
		0005D9191BEDBEF100DB5DDB /* OnboardingViewController.m in Sources */ = {isa = PBXBuildFile; fileRef = 0005D9171BEDBEF100DB5DDB /* OnboardingViewController.m */; };
		0005D91A1BEDBEF100DB5DDB /* OnboardingViewController.xib in Resources */ = {isa = PBXBuildFile; fileRef = 0005D9181BEDBEF100DB5DDB /* OnboardingViewController.xib */; };
		0005D91D1BEDBF6300DB5DDB /* OnboardingView.m in Sources */ = {isa = PBXBuildFile; fileRef = 0005D91C1BEDBF6300DB5DDB /* OnboardingView.m */; };
		0005D9211BEDBFE700DB5DDB /* OnboardingModalViewController.m in Sources */ = {isa = PBXBuildFile; fileRef = 0005D91F1BEDBFE700DB5DDB /* OnboardingModalViewController.m */; };
		0005D9221BEDBFE700DB5DDB /* OnboardingModalViewController.xib in Resources */ = {isa = PBXBuildFile; fileRef = 0005D9201BEDBFE700DB5DDB /* OnboardingModalViewController.xib */; };
		0005D93B1BEFAC0200DB5DDB /* RegisterViewController.m in Sources */ = {isa = PBXBuildFile; fileRef = 0005D9391BEFAC0200DB5DDB /* RegisterViewController.m */; };
		0005D93C1BEFAC0200DB5DDB /* RegisterViewController.xib in Resources */ = {isa = PBXBuildFile; fileRef = 0005D93A1BEFAC0200DB5DDB /* RegisterViewController.xib */; };
		0005D93F1BEFAC1D00DB5DDB /* RegisterView.m in Sources */ = {isa = PBXBuildFile; fileRef = 0005D93E1BEFAC1D00DB5DDB /* RegisterView.m */; };
		002C8EB61BD87B1600B76670 /* MapsViewController.m in Sources */ = {isa = PBXBuildFile; fileRef = 002C8EB41BD87B1600B76670 /* MapsViewController.m */; };
		002C8EB71BD87B1600B76670 /* MapsViewController.xib in Resources */ = {isa = PBXBuildFile; fileRef = 002C8EB51BD87B1600B76670 /* MapsViewController.xib */; };
		002C8EBA1BD88AB000B76670 /* Related.m in Sources */ = {isa = PBXBuildFile; fileRef = 002C8EB91BD88AB000B76670 /* Related.m */; };
		003D57031C08BFFD00BC7102 /* HottestCollectionViewCell.m in Sources */ = {isa = PBXBuildFile; fileRef = 003D57011C08BFFD00BC7102 /* HottestCollectionViewCell.m */; };
		003D57041C08BFFD00BC7102 /* HottestCollectionViewCell.xib in Resources */ = {isa = PBXBuildFile; fileRef = 003D57021C08BFFD00BC7102 /* HottestCollectionViewCell.xib */; };
		003D589D1C0379CB000D1AEF /* FollowingViewController.m in Sources */ = {isa = PBXBuildFile; fileRef = 003D589C1C0379CB000D1AEF /* FollowingViewController.m */; };
		004CE09D1BB69EBF00AB53CD /* WhistlistTableViewController.m in Sources */ = {isa = PBXBuildFile; fileRef = 004CE09C1BB69EBF00AB53CD /* WhistlistTableViewController.m */; };
		004CE0A41BB6D1E300AB53CD /* LoginViewController.m in Sources */ = {isa = PBXBuildFile; fileRef = 004CE0A21BB6D1E300AB53CD /* LoginViewController.m */; };
		004CE0A51BB6D1E300AB53CD /* LoginViewController.xib in Resources */ = {isa = PBXBuildFile; fileRef = 004CE0A31BB6D1E300AB53CD /* LoginViewController.xib */; };
		004CE0B21BB6EBB600AB53CD /* SettingsTableViewController.m in Sources */ = {isa = PBXBuildFile; fileRef = 004CE0B11BB6EBB600AB53CD /* SettingsTableViewController.m */; };
		004CE0B71BB7A08400AB53CD /* ContactUsViewController.m in Sources */ = {isa = PBXBuildFile; fileRef = 004CE0B51BB7A08400AB53CD /* ContactUsViewController.m */; };
		004CE0B81BB7A08400AB53CD /* ContactUsViewController.xib in Resources */ = {isa = PBXBuildFile; fileRef = 004CE0B61BB7A08400AB53CD /* ContactUsViewController.xib */; };
		004CE0BB1BB7A09C00AB53CD /* ContactUsView.m in Sources */ = {isa = PBXBuildFile; fileRef = 004CE0BA1BB7A09C00AB53CD /* ContactUsView.m */; };
		004CE0C01BB7A19800AB53CD /* TOCViewController.m in Sources */ = {isa = PBXBuildFile; fileRef = 004CE0BE1BB7A19800AB53CD /* TOCViewController.m */; };
		004CE0C11BB7A19800AB53CD /* TOCViewController.xib in Resources */ = {isa = PBXBuildFile; fileRef = 004CE0BF1BB7A19800AB53CD /* TOCViewController.xib */; };
		004CE0C41BB7A1A800AB53CD /* TOCView.m in Sources */ = {isa = PBXBuildFile; fileRef = 004CE0C31BB7A1A800AB53CD /* TOCView.m */; };
		004CE0CE1BB7BA6F00AB53CD /* AboutTableViewController.m in Sources */ = {isa = PBXBuildFile; fileRef = 004CE0CD1BB7BA6F00AB53CD /* AboutTableViewController.m */; };
		004CE0D01BB7BD7600AB53CD /* MessageUI.framework in Frameworks */ = {isa = PBXBuildFile; fileRef = 004CE0CF1BB7BD7600AB53CD /* MessageUI.framework */; };
		0067A7E71BC8E7A300AF4469 /* DetailDealViewController.m in Sources */ = {isa = PBXBuildFile; fileRef = 0067A7E51BC8E7A300AF4469 /* DetailDealViewController.m */; };
		0067A7E81BC8E7A300AF4469 /* DetailDealViewController.xib in Resources */ = {isa = PBXBuildFile; fileRef = 0067A7E61BC8E7A300AF4469 /* DetailDealViewController.xib */; };
		007BA1931C08226200E22D73 /* FollowHeaderView.m in Sources */ = {isa = PBXBuildFile; fileRef = 007BA1921C08226200E22D73 /* FollowHeaderView.m */; };
		007BA1951C08227200E22D73 /* HeaderView.xib in Resources */ = {isa = PBXBuildFile; fileRef = 007BA1941C08227200E22D73 /* HeaderView.xib */; };
		007BA19A1C082AC000E22D73 /* FollowingTableViewCell.m in Sources */ = {isa = PBXBuildFile; fileRef = 007BA1981C082AC000E22D73 /* FollowingTableViewCell.m */; };
		007BA19B1C082AC000E22D73 /* FollowingTableViewCell.xib in Resources */ = {isa = PBXBuildFile; fileRef = 007BA1991C082AC000E22D73 /* FollowingTableViewCell.xib */; };
		007BA19F1C082C5100E22D73 /* FollowingBrandDatasource.m in Sources */ = {isa = PBXBuildFile; fileRef = 007BA19E1C082C5100E22D73 /* FollowingBrandDatasource.m */; };
		007BA1A21C082C6E00E22D73 /* FollowingLocationDatasouce.m in Sources */ = {isa = PBXBuildFile; fileRef = 007BA1A11C082C6E00E22D73 /* FollowingLocationDatasouce.m */; };
		007BA1A61C084EE100E22D73 /* FollowingBrandTableViewCell.m in Sources */ = {isa = PBXBuildFile; fileRef = 007BA1A41C084EE100E22D73 /* FollowingBrandTableViewCell.m */; };
		007BA1A71C084EE100E22D73 /* FollowingBrandTableViewCell.xib in Resources */ = {isa = PBXBuildFile; fileRef = 007BA1A51C084EE100E22D73 /* FollowingBrandTableViewCell.xib */; };
		0097BD1A1B9ECBA200B60A93 /* CategoriesCategories.m in Sources */ = {isa = PBXBuildFile; fileRef = 0097BD161B9ECBA200B60A93 /* CategoriesCategories.m */; };
		0097BD1B1B9ECBA200B60A93 /* CategoriesResponse.m in Sources */ = {isa = PBXBuildFile; fileRef = 0097BD191B9ECBA200B60A93 /* CategoriesResponse.m */; };
		0097BD261B9ECDA200B60A93 /* CategoriesTableViewController.m in Sources */ = {isa = PBXBuildFile; fileRef = 0097BD251B9ECDA200B60A93 /* CategoriesTableViewController.m */; };
		0097BD291B9ECE1300B60A93 /* CategoriesCell.m in Sources */ = {isa = PBXBuildFile; fileRef = 0097BD281B9ECE1300B60A93 /* CategoriesCell.m */; };
		009F7B271BBF9551008E2D78 /* UserModel.m in Sources */ = {isa = PBXBuildFile; fileRef = 009F7B261BBF9551008E2D78 /* UserModel.m */; };
		00C0E07D1BF2467000FF2C02 /* LocationHeader.xib in Resources */ = {isa = PBXBuildFile; fileRef = 00C0E07C1BF2467000FF2C02 /* LocationHeader.xib */; };
		00C0E0841BF39FBD00FF2C02 /* BrandBrand.m in Sources */ = {isa = PBXBuildFile; fileRef = 00C0E0801BF39FBD00FF2C02 /* BrandBrand.m */; };
		00C0E0851BF39FBD00FF2C02 /* BrandResponse.m in Sources */ = {isa = PBXBuildFile; fileRef = 00C0E0821BF39FBD00FF2C02 /* BrandResponse.m */; };
		00C0E0881BF3A7D900FF2C02 /* LocationHeader.m in Sources */ = {isa = PBXBuildFile; fileRef = 00C0E0871BF3A7D900FF2C02 /* LocationHeader.m */; };
		00C0E08F1BF4161C00FF2C02 /* LocationBrand.m in Sources */ = {isa = PBXBuildFile; fileRef = 00C0E08B1BF4161C00FF2C02 /* LocationBrand.m */; };
		00C0E0901BF4161C00FF2C02 /* LocationResponse.m in Sources */ = {isa = PBXBuildFile; fileRef = 00C0E08E1BF4161C00FF2C02 /* LocationResponse.m */; };
		00D7A3191B9D6DCA00217C80 /* FavoriteDetailViewController.m in Sources */ = {isa = PBXBuildFile; fileRef = 00D7A3181B9D6DCA00217C80 /* FavoriteDetailViewController.m */; };
		00DB3E581BA43E4C00826421 /* Brand.m in Sources */ = {isa = PBXBuildFile; fileRef = 00DB3E4E1BA43E4C00826421 /* Brand.m */; };
		00DB3E591BA43E4C00826421 /* Distance.m in Sources */ = {isa = PBXBuildFile; fileRef = 00DB3E501BA43E4C00826421 /* Distance.m */; };
		00DB3E5A1BA43E4C00826421 /* Location.m in Sources */ = {isa = PBXBuildFile; fileRef = 00DB3E521BA43E4C00826421 /* Location.m */; };
		00DB3E5B1BA43E4C00826421 /* Posts.m in Sources */ = {isa = PBXBuildFile; fileRef = 00DB3E551BA43E4C00826421 /* Posts.m */; };
		00DB3E5C1BA43E4C00826421 /* Response.m in Sources */ = {isa = PBXBuildFile; fileRef = 00DB3E571BA43E4C00826421 /* Response.m */; };
		00DB3E601BA44B1900826421 /* CategoriesCollectionViewController.m in Sources */ = {isa = PBXBuildFile; fileRef = 00DB3E5F1BA44B1900826421 /* CategoriesCollectionViewController.m */; };
		00DB3E621BA44E5F00826421 /* MapKit.framework in Frameworks */ = {isa = PBXBuildFile; fileRef = 00DB3E611BA44E5F00826421 /* MapKit.framework */; };
		00DD97F21B9B41E300BACAE0 /* main.m in Sources */ = {isa = PBXBuildFile; fileRef = 00DD97F11B9B41E300BACAE0 /* main.m */; };
		00DD97F51B9B41E300BACAE0 /* AppDelegate.m in Sources */ = {isa = PBXBuildFile; fileRef = 00DD97F41B9B41E300BACAE0 /* AppDelegate.m */; };
		00DD97FD1B9B41E300BACAE0 /* Images.xcassets in Resources */ = {isa = PBXBuildFile; fileRef = 00DD97FC1B9B41E300BACAE0 /* Images.xcassets */; };
		00DD98001B9B41E300BACAE0 /* LaunchScreen.xib in Resources */ = {isa = PBXBuildFile; fileRef = 00DD97FE1B9B41E300BACAE0 /* LaunchScreen.xib */; };
		00DD980C1B9B41E300BACAE0 /* ChopchopTests.m in Sources */ = {isa = PBXBuildFile; fileRef = 00DD980B1B9B41E300BACAE0 /* ChopchopTests.m */; };
		00DE367D1BB04A93006EFD16 /* Search.storyboard in Resources */ = {isa = PBXBuildFile; fileRef = 00DE367C1BB04A93006EFD16 /* Search.storyboard */; };
		00DE36831BB04CB1006EFD16 /* SearchTableViewController.m in Sources */ = {isa = PBXBuildFile; fileRef = 00DE36821BB04CB1006EFD16 /* SearchTableViewController.m */; };
		00DE36891BB0586E006EFD16 /* SearchByParametersTableViewController.m in Sources */ = {isa = PBXBuildFile; fileRef = 00DE36881BB0586E006EFD16 /* SearchByParametersTableViewController.m */; };
		00E3EFC31BB5D2B40097EEC6 /* cooprblk.ttf in Resources */ = {isa = PBXBuildFile; fileRef = 00E3EFC21BB5D2B40097EEC6 /* cooprblk.ttf */; };
		00E3EFC71BB649AA0097EEC6 /* FollowerTableViewController.m in Sources */ = {isa = PBXBuildFile; fileRef = 00E3EFC61BB649AA0097EEC6 /* FollowerTableViewController.m */; };
		00F25A4F1BC2EC1200F4DE74 /* AlertHelper.m in Sources */ = {isa = PBXBuildFile; fileRef = 00F25A4E1BC2EC1200F4DE74 /* AlertHelper.m */; };
		00F25A531BC2FF9600F4DE74 /* BrandHeader.m in Sources */ = {isa = PBXBuildFile; fileRef = 00F25A521BC2FF9600F4DE74 /* BrandHeader.m */; };
		00F25A551BC2FFA800F4DE74 /* BrandHeader.xib in Resources */ = {isa = PBXBuildFile; fileRef = 00F25A541BC2FFA800F4DE74 /* BrandHeader.xib */; };
		00F28A7F1C0A0CF9008D7216 /* HottestLocationDataSource.m in Sources */ = {isa = PBXBuildFile; fileRef = 00F28A7E1C0A0CF9008D7216 /* HottestLocationDataSource.m */; };
		00F28A821C0A0D0B008D7216 /* HottestBrandDataSource.m in Sources */ = {isa = PBXBuildFile; fileRef = 00F28A811C0A0D0B008D7216 /* HottestBrandDataSource.m */; };
		00F28AD31C0F4EF2008D7216 /* BrandFollowingViewController.m in Sources */ = {isa = PBXBuildFile; fileRef = 00F28AD11C0F4EF2008D7216 /* BrandFollowingViewController.m */; };
		00F28AD41C0F4EF2008D7216 /* BrandFollowingViewController.xib in Resources */ = {isa = PBXBuildFile; fileRef = 00F28AD21C0F4EF2008D7216 /* BrandFollowingViewController.xib */; };
		00F28AD91C0F53A6008D7216 /* LocationFollowingViewController.m in Sources */ = {isa = PBXBuildFile; fileRef = 00F28AD71C0F53A6008D7216 /* LocationFollowingViewController.m */; };
		00F28ADA1C0F53A6008D7216 /* LocationFollowingViewController.xib in Resources */ = {isa = PBXBuildFile; fileRef = 00F28AD81C0F53A6008D7216 /* LocationFollowingViewController.xib */; };
		00F28AE51C0FD509008D7216 /* BrandHottestBrands.m in Sources */ = {isa = PBXBuildFile; fileRef = 00F28ADD1C0FD509008D7216 /* BrandHottestBrands.m */; };
		00F28AE61C0FD509008D7216 /* BrandHottestMatchingData.m in Sources */ = {isa = PBXBuildFile; fileRef = 00F28AE01C0FD509008D7216 /* BrandHottestMatchingData.m */; };
		00F28AE71C0FD509008D7216 /* BrandHottestResponse.m in Sources */ = {isa = PBXBuildFile; fileRef = 00F28AE21C0FD509008D7216 /* BrandHottestResponse.m */; };
		00F28AE81C0FD509008D7216 /* BrandHottestUsersBrandsFollows.m in Sources */ = {isa = PBXBuildFile; fileRef = 00F28AE41C0FD509008D7216 /* BrandHottestUsersBrandsFollows.m */; };
		00F4E7ED1B9B4AC000D4DFFD /* Util.m in Sources */ = {isa = PBXBuildFile; fileRef = 00F4E7EC1B9B4AC000D4DFFD /* Util.m */; };
		00F4E7F21B9B580000D4DFFD /* BaseViewController.m in Sources */ = {isa = PBXBuildFile; fileRef = 00F4E7F11B9B580000D4DFFD /* BaseViewController.m */; };
		00F4E7F51B9B581400D4DFFD /* BaseTabbarViewController.m in Sources */ = {isa = PBXBuildFile; fileRef = 00F4E7F41B9B581400D4DFFD /* BaseTabbarViewController.m */; };
		00F4E7F91B9B585500D4DFFD /* LocationManager.m in Sources */ = {isa = PBXBuildFile; fileRef = 00F4E7F81B9B585500D4DFFD /* LocationManager.m */; };
		00F4E7FC1B9B585E00D4DFFD /* DataBaseManager.m in Sources */ = {isa = PBXBuildFile; fileRef = 00F4E7FB1B9B585E00D4DFFD /* DataBaseManager.m */; };
		00F4E7FE1B9BC18100D4DFFD /* CoreLocation.framework in Frameworks */ = {isa = PBXBuildFile; fileRef = 00F4E7FD1B9BC18100D4DFFD /* CoreLocation.framework */; };
		00F4E8041B9BC6F200D4DFFD /* CommonHelper.m in Sources */ = {isa = PBXBuildFile; fileRef = 00F4E8031B9BC6F200D4DFFD /* CommonHelper.m */; };
		00F4E80B1B9BD9C000D4DFFD /* DeviceHelper.m in Sources */ = {isa = PBXBuildFile; fileRef = 00F4E80A1B9BD9C000D4DFFD /* DeviceHelper.m */; };
		00F4E80E1B9BDB8100D4DFFD /* APIManager.m in Sources */ = {isa = PBXBuildFile; fileRef = 00F4E80D1B9BDB8100D4DFFD /* APIManager.m */; };
		00F4E8111B9BE81A00D4DFFD /* Main.storyboard in Resources */ = {isa = PBXBuildFile; fileRef = 00F4E8101B9BE81A00D4DFFD /* Main.storyboard */; };
		00F4E8191B9C06C900D4DFFD /* FavoriteTableViewController.m in Sources */ = {isa = PBXBuildFile; fileRef = 00F4E8181B9C06C900D4DFFD /* FavoriteTableViewController.m */; };
		00F4E81F1B9C0A5E00D4DFFD /* FavoriteTableViewCell.m in Sources */ = {isa = PBXBuildFile; fileRef = 00F4E81E1B9C0A5E00D4DFFD /* FavoriteTableViewCell.m */; };
		00F826A41BC775E20041FE6F /* Montserrat-Light.ttf in Resources */ = {isa = PBXBuildFile; fileRef = 00F826A31BC775E20041FE6F /* Montserrat-Light.ttf */; };
		075256BA633865C20971620C /* libPods-Chopchop.a in Frameworks */ = {isa = PBXBuildFile; fileRef = 95F0F6228CAAC34D619A7504 /* libPods-Chopchop.a */; };
/* End PBXBuildFile section */

/* Begin PBXContainerItemProxy section */
		00DD98061B9B41E300BACAE0 /* PBXContainerItemProxy */ = {
			isa = PBXContainerItemProxy;
			containerPortal = 00DD97E41B9B41E300BACAE0 /* Project object */;
			proxyType = 1;
			remoteGlobalIDString = 00DD97EB1B9B41E300BACAE0;
			remoteInfo = Chopchop;
		};
/* End PBXContainerItemProxy section */

/* Begin PBXFileReference section */
		0005D90D1BEDB23E00DB5DDB /* VanLoadingView.h */ = {isa = PBXFileReference; fileEncoding = 4; lastKnownFileType = sourcecode.c.h; path = VanLoadingView.h; sourceTree = "<group>"; };
		0005D90E1BEDB23E00DB5DDB /* VanLoadingView.m */ = {isa = PBXFileReference; fileEncoding = 4; lastKnownFileType = sourcecode.c.objc; path = VanLoadingView.m; sourceTree = "<group>"; };
		0005D9101BEDB24C00DB5DDB /* VanLoadingView.xib */ = {isa = PBXFileReference; fileEncoding = 4; lastKnownFileType = file.xib; path = VanLoadingView.xib; sourceTree = "<group>"; };
		0005D9121BEDB2AF00DB5DDB /* VanLoadingIndicator.h */ = {isa = PBXFileReference; fileEncoding = 4; lastKnownFileType = sourcecode.c.h; path = VanLoadingIndicator.h; sourceTree = "<group>"; };
		0005D9131BEDB2AF00DB5DDB /* VanLoadingIndicator.m */ = {isa = PBXFileReference; fileEncoding = 4; lastKnownFileType = sourcecode.c.objc; path = VanLoadingIndicator.m; sourceTree = "<group>"; };
		0005D9161BEDBEF100DB5DDB /* OnboardingViewController.h */ = {isa = PBXFileReference; fileEncoding = 4; lastKnownFileType = sourcecode.c.h; path = OnboardingViewController.h; sourceTree = "<group>"; };
		0005D9171BEDBEF100DB5DDB /* OnboardingViewController.m */ = {isa = PBXFileReference; fileEncoding = 4; lastKnownFileType = sourcecode.c.objc; path = OnboardingViewController.m; sourceTree = "<group>"; };
		0005D9181BEDBEF100DB5DDB /* OnboardingViewController.xib */ = {isa = PBXFileReference; fileEncoding = 4; lastKnownFileType = file.xib; path = OnboardingViewController.xib; sourceTree = "<group>"; };
		0005D91B1BEDBF6300DB5DDB /* OnboardingView.h */ = {isa = PBXFileReference; fileEncoding = 4; lastKnownFileType = sourcecode.c.h; path = OnboardingView.h; sourceTree = "<group>"; };
		0005D91C1BEDBF6300DB5DDB /* OnboardingView.m */ = {isa = PBXFileReference; fileEncoding = 4; lastKnownFileType = sourcecode.c.objc; path = OnboardingView.m; sourceTree = "<group>"; };
		0005D91E1BEDBFE700DB5DDB /* OnboardingModalViewController.h */ = {isa = PBXFileReference; fileEncoding = 4; lastKnownFileType = sourcecode.c.h; path = OnboardingModalViewController.h; sourceTree = "<group>"; };
		0005D91F1BEDBFE700DB5DDB /* OnboardingModalViewController.m */ = {isa = PBXFileReference; fileEncoding = 4; lastKnownFileType = sourcecode.c.objc; path = OnboardingModalViewController.m; sourceTree = "<group>"; };
		0005D9201BEDBFE700DB5DDB /* OnboardingModalViewController.xib */ = {isa = PBXFileReference; fileEncoding = 4; lastKnownFileType = file.xib; path = OnboardingModalViewController.xib; sourceTree = "<group>"; };
		0005D9381BEFAC0200DB5DDB /* RegisterViewController.h */ = {isa = PBXFileReference; fileEncoding = 4; lastKnownFileType = sourcecode.c.h; path = RegisterViewController.h; sourceTree = "<group>"; };
		0005D9391BEFAC0200DB5DDB /* RegisterViewController.m */ = {isa = PBXFileReference; fileEncoding = 4; lastKnownFileType = sourcecode.c.objc; path = RegisterViewController.m; sourceTree = "<group>"; };
		0005D93A1BEFAC0200DB5DDB /* RegisterViewController.xib */ = {isa = PBXFileReference; fileEncoding = 4; lastKnownFileType = file.xib; path = RegisterViewController.xib; sourceTree = "<group>"; };
		0005D93D1BEFAC1D00DB5DDB /* RegisterView.h */ = {isa = PBXFileReference; fileEncoding = 4; lastKnownFileType = sourcecode.c.h; path = RegisterView.h; sourceTree = "<group>"; };
		0005D93E1BEFAC1D00DB5DDB /* RegisterView.m */ = {isa = PBXFileReference; fileEncoding = 4; lastKnownFileType = sourcecode.c.objc; path = RegisterView.m; sourceTree = "<group>"; };
		002C8EB31BD87B1600B76670 /* MapsViewController.h */ = {isa = PBXFileReference; fileEncoding = 4; lastKnownFileType = sourcecode.c.h; path = MapsViewController.h; sourceTree = "<group>"; };
		002C8EB41BD87B1600B76670 /* MapsViewController.m */ = {isa = PBXFileReference; fileEncoding = 4; lastKnownFileType = sourcecode.c.objc; path = MapsViewController.m; sourceTree = "<group>"; };
		002C8EB51BD87B1600B76670 /* MapsViewController.xib */ = {isa = PBXFileReference; fileEncoding = 4; lastKnownFileType = file.xib; path = MapsViewController.xib; sourceTree = "<group>"; };
		002C8EB81BD88AB000B76670 /* Related.h */ = {isa = PBXFileReference; fileEncoding = 4; lastKnownFileType = sourcecode.c.h; path = Related.h; sourceTree = "<group>"; };
		002C8EB91BD88AB000B76670 /* Related.m */ = {isa = PBXFileReference; fileEncoding = 4; lastKnownFileType = sourcecode.c.objc; path = Related.m; sourceTree = "<group>"; };
		003D57001C08BFFD00BC7102 /* HottestCollectionViewCell.h */ = {isa = PBXFileReference; fileEncoding = 4; lastKnownFileType = sourcecode.c.h; path = HottestCollectionViewCell.h; sourceTree = "<group>"; };
		003D57011C08BFFD00BC7102 /* HottestCollectionViewCell.m */ = {isa = PBXFileReference; fileEncoding = 4; lastKnownFileType = sourcecode.c.objc; path = HottestCollectionViewCell.m; sourceTree = "<group>"; };
		003D57021C08BFFD00BC7102 /* HottestCollectionViewCell.xib */ = {isa = PBXFileReference; fileEncoding = 4; lastKnownFileType = file.xib; path = HottestCollectionViewCell.xib; sourceTree = "<group>"; };
		003D589B1C0379CB000D1AEF /* FollowingViewController.h */ = {isa = PBXFileReference; fileEncoding = 4; lastKnownFileType = sourcecode.c.h; path = FollowingViewController.h; sourceTree = "<group>"; };
		003D589C1C0379CB000D1AEF /* FollowingViewController.m */ = {isa = PBXFileReference; fileEncoding = 4; lastKnownFileType = sourcecode.c.objc; path = FollowingViewController.m; sourceTree = "<group>"; };
		004CE09B1BB69EBF00AB53CD /* WhistlistTableViewController.h */ = {isa = PBXFileReference; fileEncoding = 4; lastKnownFileType = sourcecode.c.h; path = WhistlistTableViewController.h; sourceTree = "<group>"; };
		004CE09C1BB69EBF00AB53CD /* WhistlistTableViewController.m */ = {isa = PBXFileReference; fileEncoding = 4; lastKnownFileType = sourcecode.c.objc; path = WhistlistTableViewController.m; sourceTree = "<group>"; };
		004CE0A11BB6D1E300AB53CD /* LoginViewController.h */ = {isa = PBXFileReference; fileEncoding = 4; lastKnownFileType = sourcecode.c.h; path = LoginViewController.h; sourceTree = "<group>"; };
		004CE0A21BB6D1E300AB53CD /* LoginViewController.m */ = {isa = PBXFileReference; fileEncoding = 4; lastKnownFileType = sourcecode.c.objc; path = LoginViewController.m; sourceTree = "<group>"; };
		004CE0A31BB6D1E300AB53CD /* LoginViewController.xib */ = {isa = PBXFileReference; fileEncoding = 4; lastKnownFileType = file.xib; path = LoginViewController.xib; sourceTree = "<group>"; };
		004CE0B01BB6EBB600AB53CD /* SettingsTableViewController.h */ = {isa = PBXFileReference; fileEncoding = 4; lastKnownFileType = sourcecode.c.h; path = SettingsTableViewController.h; sourceTree = "<group>"; };
		004CE0B11BB6EBB600AB53CD /* SettingsTableViewController.m */ = {isa = PBXFileReference; fileEncoding = 4; lastKnownFileType = sourcecode.c.objc; path = SettingsTableViewController.m; sourceTree = "<group>"; };
		004CE0B41BB7A08400AB53CD /* ContactUsViewController.h */ = {isa = PBXFileReference; fileEncoding = 4; lastKnownFileType = sourcecode.c.h; path = ContactUsViewController.h; sourceTree = "<group>"; };
		004CE0B51BB7A08400AB53CD /* ContactUsViewController.m */ = {isa = PBXFileReference; fileEncoding = 4; lastKnownFileType = sourcecode.c.objc; path = ContactUsViewController.m; sourceTree = "<group>"; };
		004CE0B61BB7A08400AB53CD /* ContactUsViewController.xib */ = {isa = PBXFileReference; fileEncoding = 4; lastKnownFileType = file.xib; path = ContactUsViewController.xib; sourceTree = "<group>"; };
		004CE0B91BB7A09C00AB53CD /* ContactUsView.h */ = {isa = PBXFileReference; fileEncoding = 4; lastKnownFileType = sourcecode.c.h; path = ContactUsView.h; sourceTree = "<group>"; };
		004CE0BA1BB7A09C00AB53CD /* ContactUsView.m */ = {isa = PBXFileReference; fileEncoding = 4; lastKnownFileType = sourcecode.c.objc; path = ContactUsView.m; sourceTree = "<group>"; };
		004CE0BD1BB7A19800AB53CD /* TOCViewController.h */ = {isa = PBXFileReference; fileEncoding = 4; lastKnownFileType = sourcecode.c.h; path = TOCViewController.h; sourceTree = "<group>"; };
		004CE0BE1BB7A19800AB53CD /* TOCViewController.m */ = {isa = PBXFileReference; fileEncoding = 4; lastKnownFileType = sourcecode.c.objc; path = TOCViewController.m; sourceTree = "<group>"; };
		004CE0BF1BB7A19800AB53CD /* TOCViewController.xib */ = {isa = PBXFileReference; fileEncoding = 4; lastKnownFileType = file.xib; path = TOCViewController.xib; sourceTree = "<group>"; };
		004CE0C21BB7A1A800AB53CD /* TOCView.h */ = {isa = PBXFileReference; fileEncoding = 4; lastKnownFileType = sourcecode.c.h; path = TOCView.h; sourceTree = "<group>"; };
		004CE0C31BB7A1A800AB53CD /* TOCView.m */ = {isa = PBXFileReference; fileEncoding = 4; lastKnownFileType = sourcecode.c.objc; path = TOCView.m; sourceTree = "<group>"; };
		004CE0CC1BB7BA6F00AB53CD /* AboutTableViewController.h */ = {isa = PBXFileReference; fileEncoding = 4; lastKnownFileType = sourcecode.c.h; path = AboutTableViewController.h; sourceTree = "<group>"; };
		004CE0CD1BB7BA6F00AB53CD /* AboutTableViewController.m */ = {isa = PBXFileReference; fileEncoding = 4; lastKnownFileType = sourcecode.c.objc; path = AboutTableViewController.m; sourceTree = "<group>"; };
		004CE0CF1BB7BD7600AB53CD /* MessageUI.framework */ = {isa = PBXFileReference; lastKnownFileType = wrapper.framework; name = MessageUI.framework; path = System/Library/Frameworks/MessageUI.framework; sourceTree = SDKROOT; };
		0067A7E41BC8E7A300AF4469 /* DetailDealViewController.h */ = {isa = PBXFileReference; fileEncoding = 4; lastKnownFileType = sourcecode.c.h; path = DetailDealViewController.h; sourceTree = "<group>"; };
		0067A7E51BC8E7A300AF4469 /* DetailDealViewController.m */ = {isa = PBXFileReference; fileEncoding = 4; lastKnownFileType = sourcecode.c.objc; path = DetailDealViewController.m; sourceTree = "<group>"; };
		0067A7E61BC8E7A300AF4469 /* DetailDealViewController.xib */ = {isa = PBXFileReference; fileEncoding = 4; lastKnownFileType = file.xib; path = DetailDealViewController.xib; sourceTree = "<group>"; };
		007BA1911C08226200E22D73 /* FollowHeaderView.h */ = {isa = PBXFileReference; fileEncoding = 4; lastKnownFileType = sourcecode.c.h; path = FollowHeaderView.h; sourceTree = "<group>"; };
		007BA1921C08226200E22D73 /* FollowHeaderView.m */ = {isa = PBXFileReference; fileEncoding = 4; lastKnownFileType = sourcecode.c.objc; path = FollowHeaderView.m; sourceTree = "<group>"; };
		007BA1941C08227200E22D73 /* HeaderView.xib */ = {isa = PBXFileReference; fileEncoding = 4; lastKnownFileType = file.xib; path = HeaderView.xib; sourceTree = "<group>"; };
		007BA1971C082AC000E22D73 /* FollowingTableViewCell.h */ = {isa = PBXFileReference; fileEncoding = 4; lastKnownFileType = sourcecode.c.h; path = FollowingTableViewCell.h; sourceTree = "<group>"; };
		007BA1981C082AC000E22D73 /* FollowingTableViewCell.m */ = {isa = PBXFileReference; fileEncoding = 4; lastKnownFileType = sourcecode.c.objc; path = FollowingTableViewCell.m; sourceTree = "<group>"; };
		007BA1991C082AC000E22D73 /* FollowingTableViewCell.xib */ = {isa = PBXFileReference; fileEncoding = 4; lastKnownFileType = file.xib; path = FollowingTableViewCell.xib; sourceTree = "<group>"; };
		007BA19D1C082C5100E22D73 /* FollowingBrandDatasource.h */ = {isa = PBXFileReference; fileEncoding = 4; lastKnownFileType = sourcecode.c.h; path = FollowingBrandDatasource.h; sourceTree = "<group>"; };
		007BA19E1C082C5100E22D73 /* FollowingBrandDatasource.m */ = {isa = PBXFileReference; fileEncoding = 4; lastKnownFileType = sourcecode.c.objc; path = FollowingBrandDatasource.m; sourceTree = "<group>"; };
		007BA1A01C082C6E00E22D73 /* FollowingLocationDatasouce.h */ = {isa = PBXFileReference; fileEncoding = 4; lastKnownFileType = sourcecode.c.h; path = FollowingLocationDatasouce.h; sourceTree = "<group>"; };
		007BA1A11C082C6E00E22D73 /* FollowingLocationDatasouce.m */ = {isa = PBXFileReference; fileEncoding = 4; lastKnownFileType = sourcecode.c.objc; path = FollowingLocationDatasouce.m; sourceTree = "<group>"; };
		007BA1A31C084EE100E22D73 /* FollowingBrandTableViewCell.h */ = {isa = PBXFileReference; fileEncoding = 4; lastKnownFileType = sourcecode.c.h; path = FollowingBrandTableViewCell.h; sourceTree = "<group>"; };
		007BA1A41C084EE100E22D73 /* FollowingBrandTableViewCell.m */ = {isa = PBXFileReference; fileEncoding = 4; lastKnownFileType = sourcecode.c.objc; path = FollowingBrandTableViewCell.m; sourceTree = "<group>"; };
		007BA1A51C084EE100E22D73 /* FollowingBrandTableViewCell.xib */ = {isa = PBXFileReference; fileEncoding = 4; lastKnownFileType = file.xib; path = FollowingBrandTableViewCell.xib; sourceTree = "<group>"; };
		0097BD151B9ECBA200B60A93 /* CategoriesCategories.h */ = {isa = PBXFileReference; fileEncoding = 4; lastKnownFileType = sourcecode.c.h; path = CategoriesCategories.h; sourceTree = "<group>"; };
		0097BD161B9ECBA200B60A93 /* CategoriesCategories.m */ = {isa = PBXFileReference; fileEncoding = 4; lastKnownFileType = sourcecode.c.objc; path = CategoriesCategories.m; sourceTree = "<group>"; };
		0097BD171B9ECBA200B60A93 /* CategoriesDataModels.h */ = {isa = PBXFileReference; fileEncoding = 4; lastKnownFileType = sourcecode.c.h; path = CategoriesDataModels.h; sourceTree = "<group>"; };
		0097BD181B9ECBA200B60A93 /* CategoriesResponse.h */ = {isa = PBXFileReference; fileEncoding = 4; lastKnownFileType = sourcecode.c.h; path = CategoriesResponse.h; sourceTree = "<group>"; };
		0097BD191B9ECBA200B60A93 /* CategoriesResponse.m */ = {isa = PBXFileReference; fileEncoding = 4; lastKnownFileType = sourcecode.c.objc; path = CategoriesResponse.m; sourceTree = "<group>"; };
		0097BD241B9ECDA200B60A93 /* CategoriesTableViewController.h */ = {isa = PBXFileReference; fileEncoding = 4; lastKnownFileType = sourcecode.c.h; path = CategoriesTableViewController.h; sourceTree = "<group>"; };
		0097BD251B9ECDA200B60A93 /* CategoriesTableViewController.m */ = {isa = PBXFileReference; fileEncoding = 4; lastKnownFileType = sourcecode.c.objc; path = CategoriesTableViewController.m; sourceTree = "<group>"; };
		0097BD271B9ECE1300B60A93 /* CategoriesCell.h */ = {isa = PBXFileReference; fileEncoding = 4; lastKnownFileType = sourcecode.c.h; path = CategoriesCell.h; sourceTree = "<group>"; };
		0097BD281B9ECE1300B60A93 /* CategoriesCell.m */ = {isa = PBXFileReference; fileEncoding = 4; lastKnownFileType = sourcecode.c.objc; path = CategoriesCell.m; sourceTree = "<group>"; };
		009F7B251BBF9551008E2D78 /* UserModel.h */ = {isa = PBXFileReference; fileEncoding = 4; lastKnownFileType = sourcecode.c.h; path = UserModel.h; sourceTree = "<group>"; };
		009F7B261BBF9551008E2D78 /* UserModel.m */ = {isa = PBXFileReference; fileEncoding = 4; lastKnownFileType = sourcecode.c.objc; path = UserModel.m; sourceTree = "<group>"; };
		00C0E07C1BF2467000FF2C02 /* LocationHeader.xib */ = {isa = PBXFileReference; fileEncoding = 4; lastKnownFileType = file.xib; path = LocationHeader.xib; sourceTree = "<group>"; };
		00C0E07F1BF39FBD00FF2C02 /* BrandBrand.h */ = {isa = PBXFileReference; fileEncoding = 4; lastKnownFileType = sourcecode.c.h; path = BrandBrand.h; sourceTree = "<group>"; };
		00C0E0801BF39FBD00FF2C02 /* BrandBrand.m */ = {isa = PBXFileReference; fileEncoding = 4; lastKnownFileType = sourcecode.c.objc; path = BrandBrand.m; sourceTree = "<group>"; };
		00C0E0811BF39FBD00FF2C02 /* BrandResponse.h */ = {isa = PBXFileReference; fileEncoding = 4; lastKnownFileType = sourcecode.c.h; path = BrandResponse.h; sourceTree = "<group>"; };
		00C0E0821BF39FBD00FF2C02 /* BrandResponse.m */ = {isa = PBXFileReference; fileEncoding = 4; lastKnownFileType = sourcecode.c.objc; path = BrandResponse.m; sourceTree = "<group>"; };
		00C0E0831BF39FBD00FF2C02 /* DataModels.h */ = {isa = PBXFileReference; fileEncoding = 4; lastKnownFileType = sourcecode.c.h; path = DataModels.h; sourceTree = "<group>"; };
		00C0E0861BF3A7D900FF2C02 /* LocationHeader.h */ = {isa = PBXFileReference; fileEncoding = 4; lastKnownFileType = sourcecode.c.h; path = LocationHeader.h; sourceTree = "<group>"; };
		00C0E0871BF3A7D900FF2C02 /* LocationHeader.m */ = {isa = PBXFileReference; fileEncoding = 4; lastKnownFileType = sourcecode.c.objc; path = LocationHeader.m; sourceTree = "<group>"; };
		00C0E08A1BF4161C00FF2C02 /* LocationBrand.h */ = {isa = PBXFileReference; fileEncoding = 4; lastKnownFileType = sourcecode.c.h; path = LocationBrand.h; sourceTree = "<group>"; };
		00C0E08B1BF4161C00FF2C02 /* LocationBrand.m */ = {isa = PBXFileReference; fileEncoding = 4; lastKnownFileType = sourcecode.c.objc; path = LocationBrand.m; sourceTree = "<group>"; };
		00C0E08C1BF4161C00FF2C02 /* LocationDataModels.h */ = {isa = PBXFileReference; fileEncoding = 4; lastKnownFileType = sourcecode.c.h; path = LocationDataModels.h; sourceTree = "<group>"; };
		00C0E08D1BF4161C00FF2C02 /* LocationResponse.h */ = {isa = PBXFileReference; fileEncoding = 4; lastKnownFileType = sourcecode.c.h; path = LocationResponse.h; sourceTree = "<group>"; };
		00C0E08E1BF4161C00FF2C02 /* LocationResponse.m */ = {isa = PBXFileReference; fileEncoding = 4; lastKnownFileType = sourcecode.c.objc; path = LocationResponse.m; sourceTree = "<group>"; };
		00D7A3171B9D6DCA00217C80 /* FavoriteDetailViewController.h */ = {isa = PBXFileReference; fileEncoding = 4; lastKnownFileType = sourcecode.c.h; path = FavoriteDetailViewController.h; sourceTree = "<group>"; };
		00D7A3181B9D6DCA00217C80 /* FavoriteDetailViewController.m */ = {isa = PBXFileReference; fileEncoding = 4; lastKnownFileType = sourcecode.c.objc; path = FavoriteDetailViewController.m; sourceTree = "<group>"; };
		00DB3E4D1BA43E4C00826421 /* Brand.h */ = {isa = PBXFileReference; fileEncoding = 4; lastKnownFileType = sourcecode.c.h; path = Brand.h; sourceTree = "<group>"; };
		00DB3E4E1BA43E4C00826421 /* Brand.m */ = {isa = PBXFileReference; fileEncoding = 4; lastKnownFileType = sourcecode.c.objc; path = Brand.m; sourceTree = "<group>"; };
		00DB3E4F1BA43E4C00826421 /* Distance.h */ = {isa = PBXFileReference; fileEncoding = 4; lastKnownFileType = sourcecode.c.h; path = Distance.h; sourceTree = "<group>"; };
		00DB3E501BA43E4C00826421 /* Distance.m */ = {isa = PBXFileReference; fileEncoding = 4; lastKnownFileType = sourcecode.c.objc; path = Distance.m; sourceTree = "<group>"; };
		00DB3E511BA43E4C00826421 /* Location.h */ = {isa = PBXFileReference; fileEncoding = 4; lastKnownFileType = sourcecode.c.h; path = Location.h; sourceTree = "<group>"; };
		00DB3E521BA43E4C00826421 /* Location.m */ = {isa = PBXFileReference; fileEncoding = 4; lastKnownFileType = sourcecode.c.objc; path = Location.m; sourceTree = "<group>"; };
		00DB3E531BA43E4C00826421 /* PostDataModels.h */ = {isa = PBXFileReference; fileEncoding = 4; lastKnownFileType = sourcecode.c.h; path = PostDataModels.h; sourceTree = "<group>"; };
		00DB3E541BA43E4C00826421 /* Posts.h */ = {isa = PBXFileReference; fileEncoding = 4; lastKnownFileType = sourcecode.c.h; path = Posts.h; sourceTree = "<group>"; };
		00DB3E551BA43E4C00826421 /* Posts.m */ = {isa = PBXFileReference; fileEncoding = 4; lastKnownFileType = sourcecode.c.objc; path = Posts.m; sourceTree = "<group>"; };
		00DB3E561BA43E4C00826421 /* Response.h */ = {isa = PBXFileReference; fileEncoding = 4; lastKnownFileType = sourcecode.c.h; path = Response.h; sourceTree = "<group>"; };
		00DB3E571BA43E4C00826421 /* Response.m */ = {isa = PBXFileReference; fileEncoding = 4; lastKnownFileType = sourcecode.c.objc; path = Response.m; sourceTree = "<group>"; };
		00DB3E5E1BA44B1900826421 /* CategoriesCollectionViewController.h */ = {isa = PBXFileReference; fileEncoding = 4; lastKnownFileType = sourcecode.c.h; path = CategoriesCollectionViewController.h; sourceTree = "<group>"; };
		00DB3E5F1BA44B1900826421 /* CategoriesCollectionViewController.m */ = {isa = PBXFileReference; fileEncoding = 4; lastKnownFileType = sourcecode.c.objc; path = CategoriesCollectionViewController.m; sourceTree = "<group>"; };
		00DB3E611BA44E5F00826421 /* MapKit.framework */ = {isa = PBXFileReference; lastKnownFileType = wrapper.framework; name = MapKit.framework; path = System/Library/Frameworks/MapKit.framework; sourceTree = SDKROOT; };
		00DD97EC1B9B41E300BACAE0 /* Chopchop.app */ = {isa = PBXFileReference; explicitFileType = wrapper.application; includeInIndex = 0; path = Chopchop.app; sourceTree = BUILT_PRODUCTS_DIR; };
		00DD97F01B9B41E300BACAE0 /* Info.plist */ = {isa = PBXFileReference; lastKnownFileType = text.plist.xml; path = Info.plist; sourceTree = "<group>"; };
		00DD97F11B9B41E300BACAE0 /* main.m */ = {isa = PBXFileReference; lastKnownFileType = sourcecode.c.objc; path = main.m; sourceTree = "<group>"; };
		00DD97F31B9B41E300BACAE0 /* AppDelegate.h */ = {isa = PBXFileReference; lastKnownFileType = sourcecode.c.h; path = AppDelegate.h; sourceTree = "<group>"; };
		00DD97F41B9B41E300BACAE0 /* AppDelegate.m */ = {isa = PBXFileReference; lastKnownFileType = sourcecode.c.objc; path = AppDelegate.m; sourceTree = "<group>"; };
		00DD97FC1B9B41E300BACAE0 /* Images.xcassets */ = {isa = PBXFileReference; lastKnownFileType = folder.assetcatalog; path = Images.xcassets; sourceTree = "<group>"; };
		00DD97FF1B9B41E300BACAE0 /* Base */ = {isa = PBXFileReference; lastKnownFileType = file.xib; name = Base; path = Base.lproj/LaunchScreen.xib; sourceTree = "<group>"; };
		00DD98051B9B41E300BACAE0 /* ChopchopTests.xctest */ = {isa = PBXFileReference; explicitFileType = wrapper.cfbundle; includeInIndex = 0; path = ChopchopTests.xctest; sourceTree = BUILT_PRODUCTS_DIR; };
		00DD980A1B9B41E300BACAE0 /* Info.plist */ = {isa = PBXFileReference; lastKnownFileType = text.plist.xml; path = Info.plist; sourceTree = "<group>"; };
		00DD980B1B9B41E300BACAE0 /* ChopchopTests.m */ = {isa = PBXFileReference; lastKnownFileType = sourcecode.c.objc; path = ChopchopTests.m; sourceTree = "<group>"; };
		00DE367C1BB04A93006EFD16 /* Search.storyboard */ = {isa = PBXFileReference; fileEncoding = 4; lastKnownFileType = file.storyboard; path = Search.storyboard; sourceTree = "<group>"; };
		00DE36811BB04CB1006EFD16 /* SearchTableViewController.h */ = {isa = PBXFileReference; fileEncoding = 4; lastKnownFileType = sourcecode.c.h; path = SearchTableViewController.h; sourceTree = "<group>"; };
		00DE36821BB04CB1006EFD16 /* SearchTableViewController.m */ = {isa = PBXFileReference; fileEncoding = 4; lastKnownFileType = sourcecode.c.objc; path = SearchTableViewController.m; sourceTree = "<group>"; };
		00DE36871BB0586E006EFD16 /* SearchByParametersTableViewController.h */ = {isa = PBXFileReference; fileEncoding = 4; lastKnownFileType = sourcecode.c.h; path = SearchByParametersTableViewController.h; sourceTree = "<group>"; };
		00DE36881BB0586E006EFD16 /* SearchByParametersTableViewController.m */ = {isa = PBXFileReference; fileEncoding = 4; lastKnownFileType = sourcecode.c.objc; path = SearchByParametersTableViewController.m; sourceTree = "<group>"; };
		00E3EFC21BB5D2B40097EEC6 /* cooprblk.ttf */ = {isa = PBXFileReference; lastKnownFileType = file; path = cooprblk.ttf; sourceTree = "<group>"; };
		00E3EFC51BB649AA0097EEC6 /* FollowerTableViewController.h */ = {isa = PBXFileReference; fileEncoding = 4; lastKnownFileType = sourcecode.c.h; path = FollowerTableViewController.h; sourceTree = "<group>"; };
		00E3EFC61BB649AA0097EEC6 /* FollowerTableViewController.m */ = {isa = PBXFileReference; fileEncoding = 4; lastKnownFileType = sourcecode.c.objc; path = FollowerTableViewController.m; sourceTree = "<group>"; };
		00F25A4D1BC2EC1200F4DE74 /* AlertHelper.h */ = {isa = PBXFileReference; fileEncoding = 4; lastKnownFileType = sourcecode.c.h; path = AlertHelper.h; sourceTree = "<group>"; };
		00F25A4E1BC2EC1200F4DE74 /* AlertHelper.m */ = {isa = PBXFileReference; fileEncoding = 4; lastKnownFileType = sourcecode.c.objc; path = AlertHelper.m; sourceTree = "<group>"; };
		00F25A511BC2FF9600F4DE74 /* BrandHeader.h */ = {isa = PBXFileReference; fileEncoding = 4; lastKnownFileType = sourcecode.c.h; path = BrandHeader.h; sourceTree = "<group>"; };
		00F25A521BC2FF9600F4DE74 /* BrandHeader.m */ = {isa = PBXFileReference; fileEncoding = 4; lastKnownFileType = sourcecode.c.objc; path = BrandHeader.m; sourceTree = "<group>"; };
		00F25A541BC2FFA800F4DE74 /* BrandHeader.xib */ = {isa = PBXFileReference; fileEncoding = 4; lastKnownFileType = file.xib; path = BrandHeader.xib; sourceTree = "<group>"; };
		00F28A7D1C0A0CF9008D7216 /* HottestLocationDataSource.h */ = {isa = PBXFileReference; fileEncoding = 4; lastKnownFileType = sourcecode.c.h; path = HottestLocationDataSource.h; sourceTree = "<group>"; };
		00F28A7E1C0A0CF9008D7216 /* HottestLocationDataSource.m */ = {isa = PBXFileReference; fileEncoding = 4; lastKnownFileType = sourcecode.c.objc; path = HottestLocationDataSource.m; sourceTree = "<group>"; };
		00F28A801C0A0D0B008D7216 /* HottestBrandDataSource.h */ = {isa = PBXFileReference; fileEncoding = 4; lastKnownFileType = sourcecode.c.h; path = HottestBrandDataSource.h; sourceTree = "<group>"; };
		00F28A811C0A0D0B008D7216 /* HottestBrandDataSource.m */ = {isa = PBXFileReference; fileEncoding = 4; lastKnownFileType = sourcecode.c.objc; path = HottestBrandDataSource.m; sourceTree = "<group>"; };
		00F28AD01C0F4EF2008D7216 /* BrandFollowingViewController.h */ = {isa = PBXFileReference; fileEncoding = 4; lastKnownFileType = sourcecode.c.h; path = BrandFollowingViewController.h; sourceTree = "<group>"; };
		00F28AD11C0F4EF2008D7216 /* BrandFollowingViewController.m */ = {isa = PBXFileReference; fileEncoding = 4; lastKnownFileType = sourcecode.c.objc; path = BrandFollowingViewController.m; sourceTree = "<group>"; };
		00F28AD21C0F4EF2008D7216 /* BrandFollowingViewController.xib */ = {isa = PBXFileReference; fileEncoding = 4; lastKnownFileType = file.xib; path = BrandFollowingViewController.xib; sourceTree = "<group>"; };
		00F28AD61C0F53A6008D7216 /* LocationFollowingViewController.h */ = {isa = PBXFileReference; fileEncoding = 4; lastKnownFileType = sourcecode.c.h; path = LocationFollowingViewController.h; sourceTree = "<group>"; };
		00F28AD71C0F53A6008D7216 /* LocationFollowingViewController.m */ = {isa = PBXFileReference; fileEncoding = 4; lastKnownFileType = sourcecode.c.objc; path = LocationFollowingViewController.m; sourceTree = "<group>"; };
		00F28AD81C0F53A6008D7216 /* LocationFollowingViewController.xib */ = {isa = PBXFileReference; fileEncoding = 4; lastKnownFileType = file.xib; path = LocationFollowingViewController.xib; sourceTree = "<group>"; };
		00F28ADC1C0FD509008D7216 /* BrandHottestBrands.h */ = {isa = PBXFileReference; fileEncoding = 4; lastKnownFileType = sourcecode.c.h; path = BrandHottestBrands.h; sourceTree = "<group>"; };
		00F28ADD1C0FD509008D7216 /* BrandHottestBrands.m */ = {isa = PBXFileReference; fileEncoding = 4; lastKnownFileType = sourcecode.c.objc; path = BrandHottestBrands.m; sourceTree = "<group>"; };
		00F28ADE1C0FD509008D7216 /* BrandHottestDataModels.h */ = {isa = PBXFileReference; fileEncoding = 4; lastKnownFileType = sourcecode.c.h; path = BrandHottestDataModels.h; sourceTree = "<group>"; };
		00F28ADF1C0FD509008D7216 /* BrandHottestMatchingData.h */ = {isa = PBXFileReference; fileEncoding = 4; lastKnownFileType = sourcecode.c.h; path = BrandHottestMatchingData.h; sourceTree = "<group>"; };
		00F28AE01C0FD509008D7216 /* BrandHottestMatchingData.m */ = {isa = PBXFileReference; fileEncoding = 4; lastKnownFileType = sourcecode.c.objc; path = BrandHottestMatchingData.m; sourceTree = "<group>"; };
		00F28AE11C0FD509008D7216 /* BrandHottestResponse.h */ = {isa = PBXFileReference; fileEncoding = 4; lastKnownFileType = sourcecode.c.h; path = BrandHottestResponse.h; sourceTree = "<group>"; };
		00F28AE21C0FD509008D7216 /* BrandHottestResponse.m */ = {isa = PBXFileReference; fileEncoding = 4; lastKnownFileType = sourcecode.c.objc; path = BrandHottestResponse.m; sourceTree = "<group>"; };
		00F28AE31C0FD509008D7216 /* BrandHottestUsersBrandsFollows.h */ = {isa = PBXFileReference; fileEncoding = 4; lastKnownFileType = sourcecode.c.h; path = BrandHottestUsersBrandsFollows.h; sourceTree = "<group>"; };
		00F28AE41C0FD509008D7216 /* BrandHottestUsersBrandsFollows.m */ = {isa = PBXFileReference; fileEncoding = 4; lastKnownFileType = sourcecode.c.objc; path = BrandHottestUsersBrandsFollows.m; sourceTree = "<group>"; };
		00F4E7EB1B9B4AC000D4DFFD /* Util.h */ = {isa = PBXFileReference; fileEncoding = 4; lastKnownFileType = sourcecode.c.h; path = Util.h; sourceTree = "<group>"; };
		00F4E7EC1B9B4AC000D4DFFD /* Util.m */ = {isa = PBXFileReference; fileEncoding = 4; lastKnownFileType = sourcecode.c.objc; path = Util.m; sourceTree = "<group>"; };
		00F4E7F01B9B580000D4DFFD /* BaseViewController.h */ = {isa = PBXFileReference; fileEncoding = 4; lastKnownFileType = sourcecode.c.h; path = BaseViewController.h; sourceTree = "<group>"; };
		00F4E7F11B9B580000D4DFFD /* BaseViewController.m */ = {isa = PBXFileReference; fileEncoding = 4; lastKnownFileType = sourcecode.c.objc; path = BaseViewController.m; sourceTree = "<group>"; };
		00F4E7F31B9B581400D4DFFD /* BaseTabbarViewController.h */ = {isa = PBXFileReference; fileEncoding = 4; lastKnownFileType = sourcecode.c.h; path = BaseTabbarViewController.h; sourceTree = "<group>"; };
		00F4E7F41B9B581400D4DFFD /* BaseTabbarViewController.m */ = {isa = PBXFileReference; fileEncoding = 4; lastKnownFileType = sourcecode.c.objc; path = BaseTabbarViewController.m; sourceTree = "<group>"; };
		00F4E7F71B9B585500D4DFFD /* LocationManager.h */ = {isa = PBXFileReference; fileEncoding = 4; lastKnownFileType = sourcecode.c.h; path = LocationManager.h; sourceTree = "<group>"; };
		00F4E7F81B9B585500D4DFFD /* LocationManager.m */ = {isa = PBXFileReference; fileEncoding = 4; lastKnownFileType = sourcecode.c.objc; path = LocationManager.m; sourceTree = "<group>"; };
		00F4E7FA1B9B585E00D4DFFD /* DataBaseManager.h */ = {isa = PBXFileReference; fileEncoding = 4; lastKnownFileType = sourcecode.c.h; path = DataBaseManager.h; sourceTree = "<group>"; };
		00F4E7FB1B9B585E00D4DFFD /* DataBaseManager.m */ = {isa = PBXFileReference; fileEncoding = 4; lastKnownFileType = sourcecode.c.objc; path = DataBaseManager.m; sourceTree = "<group>"; };
		00F4E7FD1B9BC18100D4DFFD /* CoreLocation.framework */ = {isa = PBXFileReference; lastKnownFileType = wrapper.framework; name = CoreLocation.framework; path = System/Library/Frameworks/CoreLocation.framework; sourceTree = SDKROOT; };
		00F4E7FF1B9BC68300D4DFFD /* StaticAndPreferences.h */ = {isa = PBXFileReference; fileEncoding = 4; lastKnownFileType = sourcecode.c.h; path = StaticAndPreferences.h; sourceTree = "<group>"; };
		00F4E8021B9BC6F200D4DFFD /* CommonHelper.h */ = {isa = PBXFileReference; fileEncoding = 4; lastKnownFileType = sourcecode.c.h; path = CommonHelper.h; sourceTree = "<group>"; };
		00F4E8031B9BC6F200D4DFFD /* CommonHelper.m */ = {isa = PBXFileReference; fileEncoding = 4; lastKnownFileType = sourcecode.c.objc; path = CommonHelper.m; sourceTree = "<group>"; };
		00F4E8091B9BD9C000D4DFFD /* DeviceHelper.h */ = {isa = PBXFileReference; fileEncoding = 4; lastKnownFileType = sourcecode.c.h; path = DeviceHelper.h; sourceTree = "<group>"; };
		00F4E80A1B9BD9C000D4DFFD /* DeviceHelper.m */ = {isa = PBXFileReference; fileEncoding = 4; lastKnownFileType = sourcecode.c.objc; path = DeviceHelper.m; sourceTree = "<group>"; };
		00F4E80C1B9BDB8100D4DFFD /* APIManager.h */ = {isa = PBXFileReference; fileEncoding = 4; lastKnownFileType = sourcecode.c.h; path = APIManager.h; sourceTree = "<group>"; };
		00F4E80D1B9BDB8100D4DFFD /* APIManager.m */ = {isa = PBXFileReference; fileEncoding = 4; lastKnownFileType = sourcecode.c.objc; path = APIManager.m; sourceTree = "<group>"; };
		00F4E8101B9BE81A00D4DFFD /* Main.storyboard */ = {isa = PBXFileReference; fileEncoding = 4; lastKnownFileType = file.storyboard; path = Main.storyboard; sourceTree = "<group>"; };
		00F4E8171B9C06C900D4DFFD /* FavoriteTableViewController.h */ = {isa = PBXFileReference; fileEncoding = 4; lastKnownFileType = sourcecode.c.h; path = FavoriteTableViewController.h; sourceTree = "<group>"; };
		00F4E8181B9C06C900D4DFFD /* FavoriteTableViewController.m */ = {isa = PBXFileReference; fileEncoding = 4; lastKnownFileType = sourcecode.c.objc; path = FavoriteTableViewController.m; sourceTree = "<group>"; };
		00F4E81D1B9C0A5E00D4DFFD /* FavoriteTableViewCell.h */ = {isa = PBXFileReference; fileEncoding = 4; lastKnownFileType = sourcecode.c.h; path = FavoriteTableViewCell.h; sourceTree = "<group>"; };
		00F4E81E1B9C0A5E00D4DFFD /* FavoriteTableViewCell.m */ = {isa = PBXFileReference; fileEncoding = 4; lastKnownFileType = sourcecode.c.objc; path = FavoriteTableViewCell.m; sourceTree = "<group>"; };
		00F826A31BC775E20041FE6F /* Montserrat-Light.ttf */ = {isa = PBXFileReference; fileEncoding = 4; lastKnownFileType = text; path = "Montserrat-Light.ttf"; sourceTree = "<group>"; };
		2FF19C7F8CEFDBBE35B196C2 /* Pods-Chopchop.release.xcconfig */ = {isa = PBXFileReference; includeInIndex = 1; lastKnownFileType = text.xcconfig; name = "Pods-Chopchop.release.xcconfig"; path = "Pods/Target Support Files/Pods-Chopchop/Pods-Chopchop.release.xcconfig"; sourceTree = "<group>"; };
		33560463767F5E6AE6C4A05C /* Pods-Chopchop.debug.xcconfig */ = {isa = PBXFileReference; includeInIndex = 1; lastKnownFileType = text.xcconfig; name = "Pods-Chopchop.debug.xcconfig"; path = "Pods/Target Support Files/Pods-Chopchop/Pods-Chopchop.debug.xcconfig"; sourceTree = "<group>"; };
		95F0F6228CAAC34D619A7504 /* libPods-Chopchop.a */ = {isa = PBXFileReference; explicitFileType = archive.ar; includeInIndex = 0; path = "libPods-Chopchop.a"; sourceTree = BUILT_PRODUCTS_DIR; };
/* End PBXFileReference section */

/* Begin PBXFrameworksBuildPhase section */
		00DD97E91B9B41E300BACAE0 /* Frameworks */ = {
			isa = PBXFrameworksBuildPhase;
			buildActionMask = 2147483647;
			files = (
				004CE0D01BB7BD7600AB53CD /* MessageUI.framework in Frameworks */,
				00F4E7FE1B9BC18100D4DFFD /* CoreLocation.framework in Frameworks */,
				00DB3E621BA44E5F00826421 /* MapKit.framework in Frameworks */,
				075256BA633865C20971620C /* libPods-Chopchop.a in Frameworks */,
			);
			runOnlyForDeploymentPostprocessing = 0;
		};
		00DD98021B9B41E300BACAE0 /* Frameworks */ = {
			isa = PBXFrameworksBuildPhase;
			buildActionMask = 2147483647;
			files = (
			);
			runOnlyForDeploymentPostprocessing = 0;
		};
/* End PBXFrameworksBuildPhase section */

/* Begin PBXGroup section */
		0005D90C1BEDB22300DB5DDB /* Loading */ = {
			isa = PBXGroup;
			children = (
				0005D90D1BEDB23E00DB5DDB /* VanLoadingView.h */,
				0005D90E1BEDB23E00DB5DDB /* VanLoadingView.m */,
				0005D9101BEDB24C00DB5DDB /* VanLoadingView.xib */,
				0005D9121BEDB2AF00DB5DDB /* VanLoadingIndicator.h */,
				0005D9131BEDB2AF00DB5DDB /* VanLoadingIndicator.m */,
			);
			name = Loading;
			sourceTree = "<group>";
		};
		0005D9151BEDBEC400DB5DDB /* On Boarding */ = {
			isa = PBXGroup;
			children = (
				0005D9161BEDBEF100DB5DDB /* OnboardingViewController.h */,
				0005D9171BEDBEF100DB5DDB /* OnboardingViewController.m */,
				0005D9181BEDBEF100DB5DDB /* OnboardingViewController.xib */,
				0005D91B1BEDBF6300DB5DDB /* OnboardingView.h */,
				0005D91C1BEDBF6300DB5DDB /* OnboardingView.m */,
				0005D91E1BEDBFE700DB5DDB /* OnboardingModalViewController.h */,
				0005D91F1BEDBFE700DB5DDB /* OnboardingModalViewController.m */,
				0005D9201BEDBFE700DB5DDB /* OnboardingModalViewController.xib */,
			);
			name = "On Boarding";
			sourceTree = "<group>";
		};
		0005D9321BEFABA100DB5DDB /* Register */ = {
			isa = PBXGroup;
			children = (
			);
			name = Register;
			sourceTree = "<group>";
		};
		002C8EB21BD87AF000B76670 /* Detail Maps */ = {
			isa = PBXGroup;
			children = (
				002C8EB31BD87B1600B76670 /* MapsViewController.h */,
				002C8EB41BD87B1600B76670 /* MapsViewController.m */,
				002C8EB51BD87B1600B76670 /* MapsViewController.xib */,
			);
			name = "Detail Maps";
			sourceTree = "<group>";
		};
		003D56FF1C08BFDC00BC7102 /* Hottest */ = {
			isa = PBXGroup;
			children = (
				003D57001C08BFFD00BC7102 /* HottestCollectionViewCell.h */,
				003D57011C08BFFD00BC7102 /* HottestCollectionViewCell.m */,
				003D57021C08BFFD00BC7102 /* HottestCollectionViewCell.xib */,
			);
			name = Hottest;
			sourceTree = "<group>";
		};
		003D589A1C0379B4000D1AEF /* Following */ = {
			isa = PBXGroup;
			children = (
				00F28AD51C0F538F008D7216 /* Location Following */,
				00F28ACF1C0F4ED6008D7216 /* Brand Following */,
				00F28ACE1C0F4ECB008D7216 /* Location Following */,
				00F28A791C0A0B9D008D7216 /* Collection */,
				003D56FF1C08BFDC00BC7102 /* Hottest */,
				007BA19C1C082C3600E22D73 /* Data Source */,
				007BA1961C082A4800E22D73 /* Cell */,
				003D589B1C0379CB000D1AEF /* FollowingViewController.h */,
				003D589C1C0379CB000D1AEF /* FollowingViewController.m */,
				007BA1911C08226200E22D73 /* FollowHeaderView.h */,
				007BA1921C08226200E22D73 /* FollowHeaderView.m */,
				007BA1941C08227200E22D73 /* HeaderView.xib */,
			);
			name = Following;
			sourceTree = "<group>";
		};
		004CE09A1BB69EAE00AB53CD /* Whist List */ = {
			isa = PBXGroup;
			children = (
				004CE09B1BB69EBF00AB53CD /* WhistlistTableViewController.h */,
				004CE09C1BB69EBF00AB53CD /* WhistlistTableViewController.m */,
			);
			name = "Whist List";
			sourceTree = "<group>";
		};
		004CE09E1BB6ADCB00AB53CD /* Settings */ = {
			isa = PBXGroup;
			children = (
			);
			name = Settings;
			sourceTree = "<group>";
		};
		004CE09F1BB6CEE900AB53CD /* Subviews */ = {
			isa = PBXGroup;
			children = (
			);
			name = Subviews;
			sourceTree = "<group>";
		};
		004CE0A01BB6D1BA00AB53CD /* Login */ = {
			isa = PBXGroup;
			children = (
				004CE0A11BB6D1E300AB53CD /* LoginViewController.h */,
				004CE0A21BB6D1E300AB53CD /* LoginViewController.m */,
				004CE0A31BB6D1E300AB53CD /* LoginViewController.xib */,
			);
			name = Login;
			sourceTree = "<group>";
		};
		004CE0A61BB6E2C600AB53CD /* Register */ = {
			isa = PBXGroup;
			children = (
				0005D9381BEFAC0200DB5DDB /* RegisterViewController.h */,
				0005D9391BEFAC0200DB5DDB /* RegisterViewController.m */,
				0005D93A1BEFAC0200DB5DDB /* RegisterViewController.xib */,
				0005D93D1BEFAC1D00DB5DDB /* RegisterView.h */,
				0005D93E1BEFAC1D00DB5DDB /* RegisterView.m */,
			);
			name = Register;
			sourceTree = "<group>";
		};
		004CE0AF1BB6EBA600AB53CD /* Settings */ = {
			isa = PBXGroup;
			children = (
				004CE0BC1BB7A17B00AB53CD /* Terms And Condition */,
				004CE0B31BB7A06900AB53CD /* Contact Us */,
				004CE0B01BB6EBB600AB53CD /* SettingsTableViewController.h */,
				004CE0B11BB6EBB600AB53CD /* SettingsTableViewController.m */,
			);
			name = Settings;
			sourceTree = "<group>";
		};
		004CE0B31BB7A06900AB53CD /* Contact Us */ = {
			isa = PBXGroup;
			children = (
				004CE0B41BB7A08400AB53CD /* ContactUsViewController.h */,
				004CE0B51BB7A08400AB53CD /* ContactUsViewController.m */,
				004CE0B61BB7A08400AB53CD /* ContactUsViewController.xib */,
				004CE0B91BB7A09C00AB53CD /* ContactUsView.h */,
				004CE0BA1BB7A09C00AB53CD /* ContactUsView.m */,
			);
			name = "Contact Us";
			sourceTree = "<group>";
		};
		004CE0BC1BB7A17B00AB53CD /* Terms And Condition */ = {
			isa = PBXGroup;
			children = (
				004CE0BD1BB7A19800AB53CD /* TOCViewController.h */,
				004CE0BE1BB7A19800AB53CD /* TOCViewController.m */,
				004CE0BF1BB7A19800AB53CD /* TOCViewController.xib */,
				004CE0C21BB7A1A800AB53CD /* TOCView.h */,
				004CE0C31BB7A1A800AB53CD /* TOCView.m */,
			);
			name = "Terms And Condition";
			sourceTree = "<group>";
		};
		004CE0C51BB7B13400AB53CD /* About */ = {
			isa = PBXGroup;
			children = (
				004CE0CC1BB7BA6F00AB53CD /* AboutTableViewController.h */,
				004CE0CD1BB7BA6F00AB53CD /* AboutTableViewController.m */,
			);
			name = About;
			sourceTree = "<group>";
		};
		0067A7E31BC8E77900AF4469 /* Detail */ = {
			isa = PBXGroup;
			children = (
				002C8EB21BD87AF000B76670 /* Detail Maps */,
				0067A7E41BC8E7A300AF4469 /* DetailDealViewController.h */,
				0067A7E51BC8E7A300AF4469 /* DetailDealViewController.m */,
				0067A7E61BC8E7A300AF4469 /* DetailDealViewController.xib */,
			);
			name = Detail;
			sourceTree = "<group>";
		};
		007BA1961C082A4800E22D73 /* Cell */ = {
			isa = PBXGroup;
			children = (
				007BA1971C082AC000E22D73 /* FollowingTableViewCell.h */,
				007BA1981C082AC000E22D73 /* FollowingTableViewCell.m */,
				007BA1991C082AC000E22D73 /* FollowingTableViewCell.xib */,
				007BA1A31C084EE100E22D73 /* FollowingBrandTableViewCell.h */,
				007BA1A41C084EE100E22D73 /* FollowingBrandTableViewCell.m */,
				007BA1A51C084EE100E22D73 /* FollowingBrandTableViewCell.xib */,
			);
			name = Cell;
			sourceTree = "<group>";
		};
		007BA19C1C082C3600E22D73 /* Data Source */ = {
			isa = PBXGroup;
			children = (
				007BA19D1C082C5100E22D73 /* FollowingBrandDatasource.h */,
				007BA19E1C082C5100E22D73 /* FollowingBrandDatasource.m */,
				007BA1A01C082C6E00E22D73 /* FollowingLocationDatasouce.h */,
				007BA1A11C082C6E00E22D73 /* FollowingLocationDatasouce.m */,
				00F28A7D1C0A0CF9008D7216 /* HottestLocationDataSource.h */,
				00F28A7E1C0A0CF9008D7216 /* HottestLocationDataSource.m */,
				00F28A801C0A0D0B008D7216 /* HottestBrandDataSource.h */,
				00F28A811C0A0D0B008D7216 /* HottestBrandDataSource.m */,
			);
			name = "Data Source";
			sourceTree = "<group>";
		};
		0097BD141B9ECBA200B60A93 /* Categories */ = {
			isa = PBXGroup;
			children = (
				0097BD151B9ECBA200B60A93 /* CategoriesCategories.h */,
				0097BD161B9ECBA200B60A93 /* CategoriesCategories.m */,
				0097BD171B9ECBA200B60A93 /* CategoriesDataModels.h */,
				0097BD181B9ECBA200B60A93 /* CategoriesResponse.h */,
				0097BD191B9ECBA200B60A93 /* CategoriesResponse.m */,
			);
			path = Categories;
			sourceTree = "<group>";
		};
		0097BD1D1B9ECC4B00B60A93 /* Categories Cell */ = {
			isa = PBXGroup;
			children = (
				0097BD271B9ECE1300B60A93 /* CategoriesCell.h */,
				0097BD281B9ECE1300B60A93 /* CategoriesCell.m */,
			);
			name = "Categories Cell";
			sourceTree = "<group>";
		};
		0097BD231B9ECD8100B60A93 /* Categories */ = {
			isa = PBXGroup;
			children = (
				00DB3E5D1BA44B0600826421 /* Categories */,
				0097BD241B9ECDA200B60A93 /* CategoriesTableViewController.h */,
				0097BD251B9ECDA200B60A93 /* CategoriesTableViewController.m */,
			);
			name = Categories;
			sourceTree = "<group>";
		};
		009F7B241BBF9544008E2D78 /* User */ = {
			isa = PBXGroup;
			children = (
				009F7B251BBF9551008E2D78 /* UserModel.h */,
				009F7B261BBF9551008E2D78 /* UserModel.m */,
			);
			name = User;
			sourceTree = "<group>";
		};
		00C0E0731BF2450100FF2C02 /* Location Header */ = {
			isa = PBXGroup;
			children = (
				00C0E07C1BF2467000FF2C02 /* LocationHeader.xib */,
				00C0E0861BF3A7D900FF2C02 /* LocationHeader.h */,
				00C0E0871BF3A7D900FF2C02 /* LocationHeader.m */,
			);
			name = "Location Header";
			sourceTree = "<group>";
		};
		00C0E07E1BF39FBD00FF2C02 /* Brand */ = {
			isa = PBXGroup;
			children = (
				00F28ADB1C0FD509008D7216 /* Hottest */,
				00C0E07F1BF39FBD00FF2C02 /* BrandBrand.h */,
				00C0E0801BF39FBD00FF2C02 /* BrandBrand.m */,
				00C0E0811BF39FBD00FF2C02 /* BrandResponse.h */,
				00C0E0821BF39FBD00FF2C02 /* BrandResponse.m */,
				00C0E0831BF39FBD00FF2C02 /* DataModels.h */,
			);
			path = Brand;
			sourceTree = "<group>";
		};
		00C0E0891BF4161C00FF2C02 /* Location */ = {
			isa = PBXGroup;
			children = (
				00C0E08A1BF4161C00FF2C02 /* LocationBrand.h */,
				00C0E08B1BF4161C00FF2C02 /* LocationBrand.m */,
				00C0E08C1BF4161C00FF2C02 /* LocationDataModels.h */,
				00C0E08D1BF4161C00FF2C02 /* LocationResponse.h */,
				00C0E08E1BF4161C00FF2C02 /* LocationResponse.m */,
			);
			path = Location;
			sourceTree = "<group>";
		};
		00D7A3161B9D6DBA00217C80 /* Detail */ = {
			isa = PBXGroup;
			children = (
				00D7A3171B9D6DCA00217C80 /* FavoriteDetailViewController.h */,
				00D7A3181B9D6DCA00217C80 /* FavoriteDetailViewController.m */,
			);
			name = Detail;
			sourceTree = "<group>";
		};
		00DB3E4C1BA43E4C00826421 /* Post */ = {
			isa = PBXGroup;
			children = (
				00DB3E4D1BA43E4C00826421 /* Brand.h */,
				00DB3E4E1BA43E4C00826421 /* Brand.m */,
				00DB3E4F1BA43E4C00826421 /* Distance.h */,
				00DB3E501BA43E4C00826421 /* Distance.m */,
				00DB3E511BA43E4C00826421 /* Location.h */,
				00DB3E521BA43E4C00826421 /* Location.m */,
				002C8EB81BD88AB000B76670 /* Related.h */,
				002C8EB91BD88AB000B76670 /* Related.m */,
				00DB3E531BA43E4C00826421 /* PostDataModels.h */,
				00DB3E541BA43E4C00826421 /* Posts.h */,
				00DB3E551BA43E4C00826421 /* Posts.m */,
				00DB3E561BA43E4C00826421 /* Response.h */,
				00DB3E571BA43E4C00826421 /* Response.m */,
			);
			path = Post;
			sourceTree = "<group>";
		};
		00DB3E5D1BA44B0600826421 /* Categories */ = {
			isa = PBXGroup;
			children = (
				00DB3E5E1BA44B1900826421 /* CategoriesCollectionViewController.h */,
				00DB3E5F1BA44B1900826421 /* CategoriesCollectionViewController.m */,
			);
			name = Categories;
			sourceTree = "<group>";
		};
		00DB3E631BA4527D00826421 /* Search */ = {
			isa = PBXGroup;
			children = (
				00DE36811BB04CB1006EFD16 /* SearchTableViewController.h */,
				00DE36821BB04CB1006EFD16 /* SearchTableViewController.m */,
				00DE36871BB0586E006EFD16 /* SearchByParametersTableViewController.h */,
				00DE36881BB0586E006EFD16 /* SearchByParametersTableViewController.m */,
			);
			name = Search;
			sourceTree = "<group>";
		};
		00DD97E31B9B41E300BACAE0 = {
			isa = PBXGroup;
			children = (
				00DD97EE1B9B41E300BACAE0 /* Chopchop */,
				00DD98081B9B41E300BACAE0 /* ChopchopTests */,
				00DD97ED1B9B41E300BACAE0 /* Products */,
				7719AFE2E2D5B1997C6CE688 /* Pods */,
				8C10254495C90E02B9597A02 /* Frameworks */,
			);
			sourceTree = "<group>";
		};
		00DD97ED1B9B41E300BACAE0 /* Products */ = {
			isa = PBXGroup;
			children = (
				00DD97EC1B9B41E300BACAE0 /* Chopchop.app */,
				00DD98051B9B41E300BACAE0 /* ChopchopTests.xctest */,
			);
			name = Products;
			sourceTree = "<group>";
		};
		00DD97EE1B9B41E300BACAE0 /* Chopchop */ = {
			isa = PBXGroup;
			children = (
				004CE09F1BB6CEE900AB53CD /* Subviews */,
				00E3EFC11BB5D2A80097EEC6 /* Font */,
				00F4E8201B9C0FB800D4DFFD /* Model */,
				00F4E81A1B9C0A3F00D4DFFD /* Subview */,
				00F4E8121B9C066700D4DFFD /* Controller */,
				00F4E80F1B9BE80D00D4DFFD /* Storyboard */,
				00F4E7F61B9B584300D4DFFD /* Manager */,
				00F4E7EA1B9B4AA500D4DFFD /* Common */,
				00DD97F31B9B41E300BACAE0 /* AppDelegate.h */,
				00DD97F41B9B41E300BACAE0 /* AppDelegate.m */,
				00DD97FC1B9B41E300BACAE0 /* Images.xcassets */,
				00DD97FE1B9B41E300BACAE0 /* LaunchScreen.xib */,
				00DD97EF1B9B41E300BACAE0 /* Supporting Files */,
			);
			path = Chopchop;
			sourceTree = "<group>";
		};
		00DD97EF1B9B41E300BACAE0 /* Supporting Files */ = {
			isa = PBXGroup;
			children = (
				00DD97F01B9B41E300BACAE0 /* Info.plist */,
				00DD97F11B9B41E300BACAE0 /* main.m */,
			);
			name = "Supporting Files";
			sourceTree = "<group>";
		};
		00DD98081B9B41E300BACAE0 /* ChopchopTests */ = {
			isa = PBXGroup;
			children = (
				00DD980B1B9B41E300BACAE0 /* ChopchopTests.m */,
				00DD98091B9B41E300BACAE0 /* Supporting Files */,
			);
			path = ChopchopTests;
			sourceTree = "<group>";
		};
		00DD98091B9B41E300BACAE0 /* Supporting Files */ = {
			isa = PBXGroup;
			children = (
				00DD980A1B9B41E300BACAE0 /* Info.plist */,
			);
			name = "Supporting Files";
			sourceTree = "<group>";
		};
		00E3EFC11BB5D2A80097EEC6 /* Font */ = {
			isa = PBXGroup;
			children = (
				00F826A31BC775E20041FE6F /* Montserrat-Light.ttf */,
				00E3EFC21BB5D2B40097EEC6 /* cooprblk.ttf */,
			);
			name = Font;
			sourceTree = "<group>";
		};
		00E3EFC41BB649850097EEC6 /* Follower */ = {
			isa = PBXGroup;
			children = (
				00E3EFC51BB649AA0097EEC6 /* FollowerTableViewController.h */,
				00E3EFC61BB649AA0097EEC6 /* FollowerTableViewController.m */,
			);
			name = Follower;
			sourceTree = "<group>";
		};
		00F25A501BC2FF7F00F4DE74 /* Brand Header */ = {
			isa = PBXGroup;
			children = (
				00F25A511BC2FF9600F4DE74 /* BrandHeader.h */,
				00F25A521BC2FF9600F4DE74 /* BrandHeader.m */,
				00F25A541BC2FFA800F4DE74 /* BrandHeader.xib */,
			);
			name = "Brand Header";
			sourceTree = "<group>";
		};
		00F28A791C0A0B9D008D7216 /* Collection */ = {
			isa = PBXGroup;
			children = (
			);
			name = Collection;
			sourceTree = "<group>";
		};
		00F28ACE1C0F4ECB008D7216 /* Location Following */ = {
			isa = PBXGroup;
			children = (
			);
			name = "Location Following";
			sourceTree = "<group>";
		};
		00F28ACF1C0F4ED6008D7216 /* Brand Following */ = {
			isa = PBXGroup;
			children = (
				00F28AD01C0F4EF2008D7216 /* BrandFollowingViewController.h */,
				00F28AD11C0F4EF2008D7216 /* BrandFollowingViewController.m */,
				00F28AD21C0F4EF2008D7216 /* BrandFollowingViewController.xib */,
			);
			name = "Brand Following";
			sourceTree = "<group>";
		};
		00F28AD51C0F538F008D7216 /* Location Following */ = {
			isa = PBXGroup;
			children = (
				00F28AD61C0F53A6008D7216 /* LocationFollowingViewController.h */,
				00F28AD71C0F53A6008D7216 /* LocationFollowingViewController.m */,
				00F28AD81C0F53A6008D7216 /* LocationFollowingViewController.xib */,
			);
			name = "Location Following";
			sourceTree = "<group>";
		};
		00F28ADB1C0FD509008D7216 /* Hottest */ = {
			isa = PBXGroup;
			children = (
				00F28ADC1C0FD509008D7216 /* BrandHottestBrands.h */,
				00F28ADD1C0FD509008D7216 /* BrandHottestBrands.m */,
				00F28ADE1C0FD509008D7216 /* BrandHottestDataModels.h */,
				00F28ADF1C0FD509008D7216 /* BrandHottestMatchingData.h */,
				00F28AE01C0FD509008D7216 /* BrandHottestMatchingData.m */,
				00F28AE11C0FD509008D7216 /* BrandHottestResponse.h */,
				00F28AE21C0FD509008D7216 /* BrandHottestResponse.m */,
				00F28AE31C0FD509008D7216 /* BrandHottestUsersBrandsFollows.h */,
				00F28AE41C0FD509008D7216 /* BrandHottestUsersBrandsFollows.m */,
			);
			path = Hottest;
			sourceTree = "<group>";
		};
		00F4E7EA1B9B4AA500D4DFFD /* Common */ = {
			isa = PBXGroup;
			children = (
				00F4E7EB1B9B4AC000D4DFFD /* Util.h */,
				00F4E7EC1B9B4AC000D4DFFD /* Util.m */,
				00F4E7FF1B9BC68300D4DFFD /* StaticAndPreferences.h */,
				00F4E8021B9BC6F200D4DFFD /* CommonHelper.h */,
				00F4E8031B9BC6F200D4DFFD /* CommonHelper.m */,
				00F4E8091B9BD9C000D4DFFD /* DeviceHelper.h */,
				00F4E80A1B9BD9C000D4DFFD /* DeviceHelper.m */,
			);
			name = Common;
			sourceTree = "<group>";
		};
		00F4E7EF1B9B57F300D4DFFD /* Base */ = {
			isa = PBXGroup;
			children = (
				00F4E7F01B9B580000D4DFFD /* BaseViewController.h */,
				00F4E7F11B9B580000D4DFFD /* BaseViewController.m */,
				00F4E7F31B9B581400D4DFFD /* BaseTabbarViewController.h */,
				00F4E7F41B9B581400D4DFFD /* BaseTabbarViewController.m */,
			);
			name = Base;
			sourceTree = "<group>";
		};
		00F4E7F61B9B584300D4DFFD /* Manager */ = {
			isa = PBXGroup;
			children = (
				00F4E7F71B9B585500D4DFFD /* LocationManager.h */,
				00F4E7F81B9B585500D4DFFD /* LocationManager.m */,
				00F4E7FA1B9B585E00D4DFFD /* DataBaseManager.h */,
				00F4E7FB1B9B585E00D4DFFD /* DataBaseManager.m */,
				00F4E80C1B9BDB8100D4DFFD /* APIManager.h */,
				00F4E80D1B9BDB8100D4DFFD /* APIManager.m */,
				00F25A4D1BC2EC1200F4DE74 /* AlertHelper.h */,
				00F25A4E1BC2EC1200F4DE74 /* AlertHelper.m */,
			);
			name = Manager;
			sourceTree = "<group>";
		};
		00F4E80F1B9BE80D00D4DFFD /* Storyboard */ = {
			isa = PBXGroup;
			children = (
				00F4E8101B9BE81A00D4DFFD /* Main.storyboard */,
				00DE367C1BB04A93006EFD16 /* Search.storyboard */,
			);
			name = Storyboard;
			sourceTree = "<group>";
		};
		00F4E8121B9C066700D4DFFD /* Controller */ = {
			isa = PBXGroup;
			children = (
				003D589A1C0379B4000D1AEF /* Following */,
				0005D9321BEFABA100DB5DDB /* Register */,
				0005D9151BEDBEC400DB5DDB /* On Boarding */,
				0067A7E31BC8E77900AF4469 /* Detail */,
				004CE0C51BB7B13400AB53CD /* About */,
				004CE0AF1BB6EBA600AB53CD /* Settings */,
				004CE0A61BB6E2C600AB53CD /* Register */,
				004CE0A01BB6D1BA00AB53CD /* Login */,
				004CE09E1BB6ADCB00AB53CD /* Settings */,
				004CE09A1BB69EAE00AB53CD /* Whist List */,
				00E3EFC41BB649850097EEC6 /* Follower */,
				00DB3E631BA4527D00826421 /* Search */,
				0097BD231B9ECD8100B60A93 /* Categories */,
				00F4E8131B9C067700D4DFFD /* Favorite */,
				00F4E7EF1B9B57F300D4DFFD /* Base */,
			);
			name = Controller;
			sourceTree = "<group>";
		};
		00F4E8131B9C067700D4DFFD /* Favorite */ = {
			isa = PBXGroup;
			children = (
				00D7A3161B9D6DBA00217C80 /* Detail */,
				00F4E8171B9C06C900D4DFFD /* FavoriteTableViewController.h */,
				00F4E8181B9C06C900D4DFFD /* FavoriteTableViewController.m */,
			);
			name = Favorite;
			sourceTree = "<group>";
		};
		00F4E81A1B9C0A3F00D4DFFD /* Subview */ = {
			isa = PBXGroup;
			children = (
				00C0E0731BF2450100FF2C02 /* Location Header */,
				0005D90C1BEDB22300DB5DDB /* Loading */,
				00F25A501BC2FF7F00F4DE74 /* Brand Header */,
				00F4E81B1B9C0A4600D4DFFD /* Cell */,
			);
			name = Subview;
			sourceTree = "<group>";
		};
		00F4E81B1B9C0A4600D4DFFD /* Cell */ = {
			isa = PBXGroup;
			children = (
				0097BD1D1B9ECC4B00B60A93 /* Categories Cell */,
				00F4E81C1B9C0A4C00D4DFFD /* Favorite Cell */,
			);
			name = Cell;
			sourceTree = "<group>";
		};
		00F4E81C1B9C0A4C00D4DFFD /* Favorite Cell */ = {
			isa = PBXGroup;
			children = (
				00F4E81D1B9C0A5E00D4DFFD /* FavoriteTableViewCell.h */,
				00F4E81E1B9C0A5E00D4DFFD /* FavoriteTableViewCell.m */,
			);
			name = "Favorite Cell";
			sourceTree = "<group>";
		};
		00F4E8201B9C0FB800D4DFFD /* Model */ = {
			isa = PBXGroup;
			children = (
				00C0E0891BF4161C00FF2C02 /* Location */,
				00C0E07E1BF39FBD00FF2C02 /* Brand */,
				009F7B241BBF9544008E2D78 /* User */,
				00DB3E4C1BA43E4C00826421 /* Post */,
				0097BD141B9ECBA200B60A93 /* Categories */,
			);
			name = Model;
			sourceTree = "<group>";
		};
		7719AFE2E2D5B1997C6CE688 /* Pods */ = {
			isa = PBXGroup;
			children = (
				33560463767F5E6AE6C4A05C /* Pods-Chopchop.debug.xcconfig */,
				2FF19C7F8CEFDBBE35B196C2 /* Pods-Chopchop.release.xcconfig */,
			);
			name = Pods;
			sourceTree = "<group>";
		};
		8C10254495C90E02B9597A02 /* Frameworks */ = {
			isa = PBXGroup;
			children = (
				004CE0CF1BB7BD7600AB53CD /* MessageUI.framework */,
				00DB3E611BA44E5F00826421 /* MapKit.framework */,
				00F4E7FD1B9BC18100D4DFFD /* CoreLocation.framework */,
				95F0F6228CAAC34D619A7504 /* libPods-Chopchop.a */,
			);
			name = Frameworks;
			sourceTree = "<group>";
		};
/* End PBXGroup section */

/* Begin PBXNativeTarget section */
		00DD97EB1B9B41E300BACAE0 /* Chopchop */ = {
			isa = PBXNativeTarget;
			buildConfigurationList = 00DD980F1B9B41E300BACAE0 /* Build configuration list for PBXNativeTarget "Chopchop" */;
			buildPhases = (
				88595E5D3AAC9D0B6063FE83 /* Check Pods Manifest.lock */,
				00DD97E81B9B41E300BACAE0 /* Sources */,
				00DD97E91B9B41E300BACAE0 /* Frameworks */,
				00DD97EA1B9B41E300BACAE0 /* Resources */,
				BB1B4CC945D5B04492FFAF06 /* Copy Pods Resources */,
				00F4E7EE1B9B4CC700D4DFFD /* ShellScript */,
				29AC100ABAB9BFAAB64B99E9 /* Embed Pods Frameworks */,
			);
			buildRules = (
			);
			dependencies = (
			);
			name = Chopchop;
			productName = Chopchop;
			productReference = 00DD97EC1B9B41E300BACAE0 /* Chopchop.app */;
			productType = "com.apple.product-type.application";
		};
		00DD98041B9B41E300BACAE0 /* ChopchopTests */ = {
			isa = PBXNativeTarget;
			buildConfigurationList = 00DD98121B9B41E300BACAE0 /* Build configuration list for PBXNativeTarget "ChopchopTests" */;
			buildPhases = (
				00DD98011B9B41E300BACAE0 /* Sources */,
				00DD98021B9B41E300BACAE0 /* Frameworks */,
				00DD98031B9B41E300BACAE0 /* Resources */,
			);
			buildRules = (
			);
			dependencies = (
				00DD98071B9B41E300BACAE0 /* PBXTargetDependency */,
			);
			name = ChopchopTests;
			productName = ChopchopTests;
			productReference = 00DD98051B9B41E300BACAE0 /* ChopchopTests.xctest */;
			productType = "com.apple.product-type.bundle.unit-test";
		};
/* End PBXNativeTarget section */

/* Begin PBXProject section */
		00DD97E41B9B41E300BACAE0 /* Project object */ = {
			isa = PBXProject;
			attributes = {
				LastUpgradeCheck = 0700;
				ORGANIZATIONNAME = Arie;
				TargetAttributes = {
					00DD97EB1B9B41E300BACAE0 = {
						CreatedOnToolsVersion = 6.4;
						DevelopmentTeam = EF9SC2ZZ25;
						SystemCapabilities = {
							com.apple.BackgroundModes = {
								enabled = 1;
							};
							com.apple.Maps.iOS = {
								enabled = 1;
							};
							com.apple.Push = {
								enabled = 1;
							};
						};
					};
					00DD98041B9B41E300BACAE0 = {
						CreatedOnToolsVersion = 6.4;
						TestTargetID = 00DD97EB1B9B41E300BACAE0;
					};
				};
			};
			buildConfigurationList = 00DD97E71B9B41E300BACAE0 /* Build configuration list for PBXProject "Chopchop" */;
			compatibilityVersion = "Xcode 3.2";
			developmentRegion = English;
			hasScannedForEncodings = 0;
			knownRegions = (
				en,
				Base,
			);
			mainGroup = 00DD97E31B9B41E300BACAE0;
			productRefGroup = 00DD97ED1B9B41E300BACAE0 /* Products */;
			projectDirPath = "";
			projectRoot = "";
			targets = (
				00DD97EB1B9B41E300BACAE0 /* Chopchop */,
				00DD98041B9B41E300BACAE0 /* ChopchopTests */,
			);
		};
/* End PBXProject section */

/* Begin PBXResourcesBuildPhase section */
		00DD97EA1B9B41E300BACAE0 /* Resources */ = {
			isa = PBXResourcesBuildPhase;
			buildActionMask = 2147483647;
			files = (
				00F4E8111B9BE81A00D4DFFD /* Main.storyboard in Resources */,
				0067A7E81BC8E7A300AF4469 /* DetailDealViewController.xib in Resources */,
				0005D91A1BEDBEF100DB5DDB /* OnboardingViewController.xib in Resources */,
				0005D9221BEDBFE700DB5DDB /* OnboardingModalViewController.xib in Resources */,
				002C8EB71BD87B1600B76670 /* MapsViewController.xib in Resources */,
				0005D9111BEDB24C00DB5DDB /* VanLoadingView.xib in Resources */,
				00F28AD41C0F4EF2008D7216 /* BrandFollowingViewController.xib in Resources */,
				00DD98001B9B41E300BACAE0 /* LaunchScreen.xib in Resources */,
				00C0E07D1BF2467000FF2C02 /* LocationHeader.xib in Resources */,
				003D57041C08BFFD00BC7102 /* HottestCollectionViewCell.xib in Resources */,
				004CE0A51BB6D1E300AB53CD /* LoginViewController.xib in Resources */,
				007BA19B1C082AC000E22D73 /* FollowingTableViewCell.xib in Resources */,
				00F25A551BC2FFA800F4DE74 /* BrandHeader.xib in Resources */,
				00F28ADA1C0F53A6008D7216 /* LocationFollowingViewController.xib in Resources */,
				004CE0C11BB7A19800AB53CD /* TOCViewController.xib in Resources */,
				00F826A41BC775E20041FE6F /* Montserrat-Light.ttf in Resources */,
				00DE367D1BB04A93006EFD16 /* Search.storyboard in Resources */,
				00E3EFC31BB5D2B40097EEC6 /* cooprblk.ttf in Resources */,
				00DD97FD1B9B41E300BACAE0 /* Images.xcassets in Resources */,
				007BA1951C08227200E22D73 /* HeaderView.xib in Resources */,
				004CE0B81BB7A08400AB53CD /* ContactUsViewController.xib in Resources */,
				0005D93C1BEFAC0200DB5DDB /* RegisterViewController.xib in Resources */,
				007BA1A71C084EE100E22D73 /* FollowingBrandTableViewCell.xib in Resources */,
			);
			runOnlyForDeploymentPostprocessing = 0;
		};
		00DD98031B9B41E300BACAE0 /* Resources */ = {
			isa = PBXResourcesBuildPhase;
			buildActionMask = 2147483647;
			files = (
			);
			runOnlyForDeploymentPostprocessing = 0;
		};
/* End PBXResourcesBuildPhase section */

/* Begin PBXShellScriptBuildPhase section */
		00F4E7EE1B9B4CC700D4DFFD /* ShellScript */ = {
			isa = PBXShellScriptBuildPhase;
			buildActionMask = 2147483647;
			files = (
			);
			inputPaths = (
			);
			outputPaths = (
			);
			runOnlyForDeploymentPostprocessing = 0;
			shellPath = /bin/sh;
			shellScript = "\"${PODS_ROOT}/Fabric/Fabric.framework/run\" 4165a61ef093b00352a634db8c625bdbd68ff756 eb6ccec33a3a87d11b8db531559c5d421872993e1fe44eaff47e42ff86e26e3d";
		};
		29AC100ABAB9BFAAB64B99E9 /* Embed Pods Frameworks */ = {
			isa = PBXShellScriptBuildPhase;
			buildActionMask = 2147483647;
			files = (
			);
			inputPaths = (
			);
			name = "Embed Pods Frameworks";
			outputPaths = (
			);
			runOnlyForDeploymentPostprocessing = 0;
			shellPath = /bin/sh;
			shellScript = "\"${SRCROOT}/Pods/Target Support Files/Pods-Chopchop/Pods-Chopchop-frameworks.sh\"\n";
			showEnvVarsInLog = 0;
		};
		88595E5D3AAC9D0B6063FE83 /* Check Pods Manifest.lock */ = {
			isa = PBXShellScriptBuildPhase;
			buildActionMask = 2147483647;
			files = (
			);
			inputPaths = (
			);
			name = "Check Pods Manifest.lock";
			outputPaths = (
			);
			runOnlyForDeploymentPostprocessing = 0;
			shellPath = /bin/sh;
			shellScript = "diff \"${PODS_ROOT}/../Podfile.lock\" \"${PODS_ROOT}/Manifest.lock\" > /dev/null\nif [[ $? != 0 ]] ; then\n    cat << EOM\nerror: The sandbox is not in sync with the Podfile.lock. Run 'pod install' or update your CocoaPods installation.\nEOM\n    exit 1\nfi\n";
			showEnvVarsInLog = 0;
		};
		BB1B4CC945D5B04492FFAF06 /* Copy Pods Resources */ = {
			isa = PBXShellScriptBuildPhase;
			buildActionMask = 2147483647;
			files = (
			);
			inputPaths = (
			);
			name = "Copy Pods Resources";
			outputPaths = (
			);
			runOnlyForDeploymentPostprocessing = 0;
			shellPath = /bin/sh;
			shellScript = "\"${SRCROOT}/Pods/Target Support Files/Pods-Chopchop/Pods-Chopchop-resources.sh\"\n";
			showEnvVarsInLog = 0;
		};
/* End PBXShellScriptBuildPhase section */

/* Begin PBXSourcesBuildPhase section */
		00DD97E81B9B41E300BACAE0 /* Sources */ = {
			isa = PBXSourcesBuildPhase;
			buildActionMask = 2147483647;
			files = (
				007BA19A1C082AC000E22D73 /* FollowingTableViewCell.m in Sources */,
				00C0E0851BF39FBD00FF2C02 /* BrandResponse.m in Sources */,
				00F4E7F91B9B585500D4DFFD /* LocationManager.m in Sources */,
				0097BD1A1B9ECBA200B60A93 /* CategoriesCategories.m in Sources */,
				00C0E0881BF3A7D900FF2C02 /* LocationHeader.m in Sources */,
				004CE0BB1BB7A09C00AB53CD /* ContactUsView.m in Sources */,
				0005D9191BEDBEF100DB5DDB /* OnboardingViewController.m in Sources */,
				003D589D1C0379CB000D1AEF /* FollowingViewController.m in Sources */,
				00F4E7F21B9B580000D4DFFD /* BaseViewController.m in Sources */,
				00E3EFC71BB649AA0097EEC6 /* FollowerTableViewController.m in Sources */,
				002C8EBA1BD88AB000B76670 /* Related.m in Sources */,
				004CE0A41BB6D1E300AB53CD /* LoginViewController.m in Sources */,
				00C0E0841BF39FBD00FF2C02 /* BrandBrand.m in Sources */,
				00DE36831BB04CB1006EFD16 /* SearchTableViewController.m in Sources */,
				00DD97F51B9B41E300BACAE0 /* AppDelegate.m in Sources */,
				00F28AE81C0FD509008D7216 /* BrandHottestUsersBrandsFollows.m in Sources */,
				004CE0B71BB7A08400AB53CD /* ContactUsViewController.m in Sources */,
				0005D93B1BEFAC0200DB5DDB /* RegisterViewController.m in Sources */,
				00F4E7FC1B9B585E00D4DFFD /* DataBaseManager.m in Sources */,
				00F28A821C0A0D0B008D7216 /* HottestBrandDataSource.m in Sources */,
				00F4E7F51B9B581400D4DFFD /* BaseTabbarViewController.m in Sources */,
				00C0E0901BF4161C00FF2C02 /* LocationResponse.m in Sources */,
				0005D9211BEDBFE700DB5DDB /* OnboardingModalViewController.m in Sources */,
				004CE09D1BB69EBF00AB53CD /* WhistlistTableViewController.m in Sources */,
				00DB3E5A1BA43E4C00826421 /* Location.m in Sources */,
				0067A7E71BC8E7A300AF4469 /* DetailDealViewController.m in Sources */,
				0005D90F1BEDB23E00DB5DDB /* VanLoadingView.m in Sources */,
				00C0E08F1BF4161C00FF2C02 /* LocationBrand.m in Sources */,
				00F28AE51C0FD509008D7216 /* BrandHottestBrands.m in Sources */,
				00DD97F21B9B41E300BACAE0 /* main.m in Sources */,
				004CE0C01BB7A19800AB53CD /* TOCViewController.m in Sources */,
				00F4E8191B9C06C900D4DFFD /* FavoriteTableViewController.m in Sources */,
				00DB3E5B1BA43E4C00826421 /* Posts.m in Sources */,
				00F28AD91C0F53A6008D7216 /* LocationFollowingViewController.m in Sources */,
				00F25A4F1BC2EC1200F4DE74 /* AlertHelper.m in Sources */,
				00D7A3191B9D6DCA00217C80 /* FavoriteDetailViewController.m in Sources */,
				007BA19F1C082C5100E22D73 /* FollowingBrandDatasource.m in Sources */,
				002C8EB61BD87B1600B76670 /* MapsViewController.m in Sources */,
				004CE0CE1BB7BA6F00AB53CD /* AboutTableViewController.m in Sources */,
				00DB3E581BA43E4C00826421 /* Brand.m in Sources */,
				003D57031C08BFFD00BC7102 /* HottestCollectionViewCell.m in Sources */,
				007BA1931C08226200E22D73 /* FollowHeaderView.m in Sources */,
				00F28AE61C0FD509008D7216 /* BrandHottestMatchingData.m in Sources */,
				007BA1A61C084EE100E22D73 /* FollowingBrandTableViewCell.m in Sources */,
				00DB3E5C1BA43E4C00826421 /* Response.m in Sources */,
				00F4E8041B9BC6F200D4DFFD /* CommonHelper.m in Sources */,
				00DB3E591BA43E4C00826421 /* Distance.m in Sources */,
				00F4E81F1B9C0A5E00D4DFFD /* FavoriteTableViewCell.m in Sources */,
				00F28AD31C0F4EF2008D7216 /* BrandFollowingViewController.m in Sources */,
				00DB3E601BA44B1900826421 /* CategoriesCollectionViewController.m in Sources */,
				009F7B271BBF9551008E2D78 /* UserModel.m in Sources */,
				00F4E7ED1B9B4AC000D4DFFD /* Util.m in Sources */,
				00F4E80B1B9BD9C000D4DFFD /* DeviceHelper.m in Sources */,
				004CE0C41BB7A1A800AB53CD /* TOCView.m in Sources */,
				00F4E80E1B9BDB8100D4DFFD /* APIManager.m in Sources */,
				00DE36891BB0586E006EFD16 /* SearchByParametersTableViewController.m in Sources */,
				007BA1A21C082C6E00E22D73 /* FollowingLocationDatasouce.m in Sources */,
				0097BD291B9ECE1300B60A93 /* CategoriesCell.m in Sources */,
				0097BD1B1B9ECBA200B60A93 /* CategoriesResponse.m in Sources */,
				00F28A7F1C0A0CF9008D7216 /* HottestLocationDataSource.m in Sources */,
				0097BD261B9ECDA200B60A93 /* CategoriesTableViewController.m in Sources */,
				0005D93F1BEFAC1D00DB5DDB /* RegisterView.m in Sources */,
				0005D9141BEDB2AF00DB5DDB /* VanLoadingIndicator.m in Sources */,
				004CE0B21BB6EBB600AB53CD /* SettingsTableViewController.m in Sources */,
				00F25A531BC2FF9600F4DE74 /* BrandHeader.m in Sources */,
				00F28AE71C0FD509008D7216 /* BrandHottestResponse.m in Sources */,
				0005D91D1BEDBF6300DB5DDB /* OnboardingView.m in Sources */,
			);
			runOnlyForDeploymentPostprocessing = 0;
		};
		00DD98011B9B41E300BACAE0 /* Sources */ = {
			isa = PBXSourcesBuildPhase;
			buildActionMask = 2147483647;
			files = (
				00DD980C1B9B41E300BACAE0 /* ChopchopTests.m in Sources */,
			);
			runOnlyForDeploymentPostprocessing = 0;
		};
/* End PBXSourcesBuildPhase section */

/* Begin PBXTargetDependency section */
		00DD98071B9B41E300BACAE0 /* PBXTargetDependency */ = {
			isa = PBXTargetDependency;
			target = 00DD97EB1B9B41E300BACAE0 /* Chopchop */;
			targetProxy = 00DD98061B9B41E300BACAE0 /* PBXContainerItemProxy */;
		};
/* End PBXTargetDependency section */

/* Begin PBXVariantGroup section */
		00DD97FE1B9B41E300BACAE0 /* LaunchScreen.xib */ = {
			isa = PBXVariantGroup;
			children = (
				00DD97FF1B9B41E300BACAE0 /* Base */,
			);
			name = LaunchScreen.xib;
			sourceTree = "<group>";
		};
/* End PBXVariantGroup section */

/* Begin XCBuildConfiguration section */
		00DD980D1B9B41E300BACAE0 /* Debug */ = {
			isa = XCBuildConfiguration;
			buildSettings = {
				ALWAYS_SEARCH_USER_PATHS = NO;
				CLANG_CXX_LANGUAGE_STANDARD = "gnu++0x";
				CLANG_CXX_LIBRARY = "libc++";
				CLANG_ENABLE_MODULES = YES;
				CLANG_ENABLE_OBJC_ARC = YES;
				CLANG_WARN_BOOL_CONVERSION = YES;
				CLANG_WARN_CONSTANT_CONVERSION = YES;
				CLANG_WARN_DIRECT_OBJC_ISA_USAGE = YES_ERROR;
				CLANG_WARN_EMPTY_BODY = YES;
				CLANG_WARN_ENUM_CONVERSION = YES;
				CLANG_WARN_INT_CONVERSION = YES;
				CLANG_WARN_OBJC_ROOT_CLASS = YES_ERROR;
				CLANG_WARN_UNREACHABLE_CODE = YES;
				CLANG_WARN__DUPLICATE_METHOD_MATCH = YES;
				"CODE_SIGN_IDENTITY[sdk=iphoneos*]" = "iPhone Developer";
				COPY_PHASE_STRIP = NO;
				DEBUG_INFORMATION_FORMAT = "dwarf-with-dsym";
				ENABLE_STRICT_OBJC_MSGSEND = YES;
				ENABLE_TESTABILITY = YES;
				GCC_C_LANGUAGE_STANDARD = gnu99;
				GCC_DYNAMIC_NO_PIC = NO;
				GCC_NO_COMMON_BLOCKS = YES;
				GCC_OPTIMIZATION_LEVEL = 0;
				GCC_PREPROCESSOR_DEFINITIONS = (
					"DEBUG=1",
					"$(inherited)",
				);
				GCC_SYMBOLS_PRIVATE_EXTERN = NO;
				GCC_WARN_64_TO_32_BIT_CONVERSION = YES;
				GCC_WARN_ABOUT_RETURN_TYPE = YES_ERROR;
				GCC_WARN_UNDECLARED_SELECTOR = YES;
				GCC_WARN_UNINITIALIZED_AUTOS = YES_AGGRESSIVE;
				GCC_WARN_UNUSED_FUNCTION = YES;
				GCC_WARN_UNUSED_VARIABLE = YES;
				IPHONEOS_DEPLOYMENT_TARGET = 8.4;
				MTL_ENABLE_DEBUG_INFO = YES;
				ONLY_ACTIVE_ARCH = YES;
				SDKROOT = iphoneos;
			};
			name = Debug;
		};
		00DD980E1B9B41E300BACAE0 /* Release */ = {
			isa = XCBuildConfiguration;
			buildSettings = {
				ALWAYS_SEARCH_USER_PATHS = NO;
				CLANG_CXX_LANGUAGE_STANDARD = "gnu++0x";
				CLANG_CXX_LIBRARY = "libc++";
				CLANG_ENABLE_MODULES = YES;
				CLANG_ENABLE_OBJC_ARC = YES;
				CLANG_WARN_BOOL_CONVERSION = YES;
				CLANG_WARN_CONSTANT_CONVERSION = YES;
				CLANG_WARN_DIRECT_OBJC_ISA_USAGE = YES_ERROR;
				CLANG_WARN_EMPTY_BODY = YES;
				CLANG_WARN_ENUM_CONVERSION = YES;
				CLANG_WARN_INT_CONVERSION = YES;
				CLANG_WARN_OBJC_ROOT_CLASS = YES_ERROR;
				CLANG_WARN_UNREACHABLE_CODE = YES;
				CLANG_WARN__DUPLICATE_METHOD_MATCH = YES;
				"CODE_SIGN_IDENTITY[sdk=iphoneos*]" = "iPhone Developer";
				COPY_PHASE_STRIP = NO;
				DEBUG_INFORMATION_FORMAT = "dwarf-with-dsym";
				ENABLE_NS_ASSERTIONS = NO;
				ENABLE_STRICT_OBJC_MSGSEND = YES;
				GCC_C_LANGUAGE_STANDARD = gnu99;
				GCC_NO_COMMON_BLOCKS = YES;
				GCC_WARN_64_TO_32_BIT_CONVERSION = YES;
				GCC_WARN_ABOUT_RETURN_TYPE = YES_ERROR;
				GCC_WARN_UNDECLARED_SELECTOR = YES;
				GCC_WARN_UNINITIALIZED_AUTOS = YES_AGGRESSIVE;
				GCC_WARN_UNUSED_FUNCTION = YES;
				GCC_WARN_UNUSED_VARIABLE = YES;
				IPHONEOS_DEPLOYMENT_TARGET = 8.4;
				MTL_ENABLE_DEBUG_INFO = NO;
				SDKROOT = iphoneos;
				VALIDATE_PRODUCT = YES;
			};
			name = Release;
		};
		00DD98101B9B41E300BACAE0 /* Debug */ = {
			isa = XCBuildConfiguration;
			baseConfigurationReference = 33560463767F5E6AE6C4A05C /* Pods-Chopchop.debug.xcconfig */;
			buildSettings = {
				ASSETCATALOG_COMPILER_APPICON_NAME = AppIcon;
				CODE_SIGN_IDENTITY = "iPhone Developer: Arie Prasetyo (PDVC68M9XW)";
				"CODE_SIGN_IDENTITY[sdk=iphoneos*]" = "iPhone Developer: Arie Prasetyo (PDVC68M9XW)";
				ENABLE_BITCODE = NO;
				INFOPLIST_FILE = Chopchop/Info.plist;
				IPHONEOS_DEPLOYMENT_TARGET = 8.0;
				LD_RUNPATH_SEARCH_PATHS = "$(inherited) @executable_path/Frameworks";
				PRODUCT_BUNDLE_IDENTIFIER = "com.netra.$(PRODUCT_NAME:rfc1034identifier)";
				PRODUCT_NAME = "$(TARGET_NAME)";
				PROVISIONING_PROFILE = "35050670-9d51-41ba-b26e-a088f0955f3c";
			};
			name = Debug;
		};
		00DD98111B9B41E300BACAE0 /* Release */ = {
			isa = XCBuildConfiguration;
			baseConfigurationReference = 2FF19C7F8CEFDBBE35B196C2 /* Pods-Chopchop.release.xcconfig */;
			buildSettings = {
				ASSETCATALOG_COMPILER_APPICON_NAME = AppIcon;
				CODE_SIGN_IDENTITY = "iPhone Developer: Arie Prasetyo (PDVC68M9XW)";
				"CODE_SIGN_IDENTITY[sdk=iphoneos*]" = "iPhone Developer: Arie Prasetyo (PDVC68M9XW)";
				ENABLE_BITCODE = NO;
				INFOPLIST_FILE = Chopchop/Info.plist;
				IPHONEOS_DEPLOYMENT_TARGET = 8.0;
				LD_RUNPATH_SEARCH_PATHS = "$(inherited) @executable_path/Frameworks";
				PRODUCT_BUNDLE_IDENTIFIER = "com.netra.$(PRODUCT_NAME:rfc1034identifier)";
				PRODUCT_NAME = "$(TARGET_NAME)";
				PROVISIONING_PROFILE = "35050670-9d51-41ba-b26e-a088f0955f3c";
			};
			name = Release;
		};
		00DD98131B9B41E300BACAE0 /* Debug */ = {
			isa = XCBuildConfiguration;
			buildSettings = {
				BUNDLE_LOADER = "$(TEST_HOST)";
				FRAMEWORK_SEARCH_PATHS = (
					"$(SDKROOT)/Developer/Library/Frameworks",
					"$(inherited)",
				);
				GCC_PREPROCESSOR_DEFINITIONS = (
					"DEBUG=1",
					"$(inherited)",
				);
				INFOPLIST_FILE = ChopchopTests/Info.plist;
				LD_RUNPATH_SEARCH_PATHS = "$(inherited) @executable_path/Frameworks @loader_path/Frameworks";
				PRODUCT_BUNDLE_IDENTIFIER = "com.netra.$(PRODUCT_NAME:rfc1034identifier)";
				PRODUCT_NAME = "$(TARGET_NAME)";
				TEST_HOST = "$(BUILT_PRODUCTS_DIR)/Chopchop.app/Chopchop";
			};
			name = Debug;
		};
		00DD98141B9B41E300BACAE0 /* Release */ = {
			isa = XCBuildConfiguration;
			buildSettings = {
				BUNDLE_LOADER = "$(TEST_HOST)";
				FRAMEWORK_SEARCH_PATHS = (
					"$(SDKROOT)/Developer/Library/Frameworks",
					"$(inherited)",
				);
				INFOPLIST_FILE = ChopchopTests/Info.plist;
				LD_RUNPATH_SEARCH_PATHS = "$(inherited) @executable_path/Frameworks @loader_path/Frameworks";
				PRODUCT_BUNDLE_IDENTIFIER = "com.netra.$(PRODUCT_NAME:rfc1034identifier)";
				PRODUCT_NAME = "$(TARGET_NAME)";
				TEST_HOST = "$(BUILT_PRODUCTS_DIR)/Chopchop.app/Chopchop";
			};
			name = Release;
		};
/* End XCBuildConfiguration section */

/* Begin XCConfigurationList section */
		00DD97E71B9B41E300BACAE0 /* Build configuration list for PBXProject "Chopchop" */ = {
			isa = XCConfigurationList;
			buildConfigurations = (
				00DD980D1B9B41E300BACAE0 /* Debug */,
				00DD980E1B9B41E300BACAE0 /* Release */,
			);
			defaultConfigurationIsVisible = 0;
			defaultConfigurationName = Release;
		};
		00DD980F1B9B41E300BACAE0 /* Build configuration list for PBXNativeTarget "Chopchop" */ = {
			isa = XCConfigurationList;
			buildConfigurations = (
				00DD98101B9B41E300BACAE0 /* Debug */,
				00DD98111B9B41E300BACAE0 /* Release */,
			);
			defaultConfigurationIsVisible = 0;
			defaultConfigurationName = Release;
		};
		00DD98121B9B41E300BACAE0 /* Build configuration list for PBXNativeTarget "ChopchopTests" */ = {
			isa = XCConfigurationList;
			buildConfigurations = (
				00DD98131B9B41E300BACAE0 /* Debug */,
				00DD98141B9B41E300BACAE0 /* Release */,
			);
			defaultConfigurationIsVisible = 0;
			defaultConfigurationName = Release;
		};
/* End XCConfigurationList section */
	};
	rootObject = 00DD97E41B9B41E300BACAE0 /* Project object */;
}
