// !$*UTF8*$!
{
	archiveVersion = 1;
	classes = {
	};
	objectVersion = 46;
	objects = {

/* Begin PBXBuildFile section */
		00DD97F21B9B41E300BACAE0 /* main.m in Sources */ = {isa = PBXBuildFile; fileRef = 00DD97F11B9B41E300BACAE0 /* main.m */; };
		00DD97F51B9B41E300BACAE0 /* AppDelegate.m in Sources */ = {isa = PBXBuildFile; fileRef = 00DD97F41B9B41E300BACAE0 /* AppDelegate.m */; };
		00DD97F81B9B41E300BACAE0 /* ViewController.m in Sources */ = {isa = PBXBuildFile; fileRef = 00DD97F71B9B41E300BACAE0 /* ViewController.m */; };
		00DD97FB1B9B41E300BACAE0 /* Main.storyboard in Resources */ = {isa = PBXBuildFile; fileRef = 00DD97F91B9B41E300BACAE0 /* Main.storyboard */; };
		00DD97FD1B9B41E300BACAE0 /* Images.xcassets in Resources */ = {isa = PBXBuildFile; fileRef = 00DD97FC1B9B41E300BACAE0 /* Images.xcassets */; };
		00DD98001B9B41E300BACAE0 /* LaunchScreen.xib in Resources */ = {isa = PBXBuildFile; fileRef = 00DD97FE1B9B41E300BACAE0 /* LaunchScreen.xib */; };
		00DD980C1B9B41E300BACAE0 /* ChopchopTests.m in Sources */ = {isa = PBXBuildFile; fileRef = 00DD980B1B9B41E300BACAE0 /* ChopchopTests.m */; };
		00F4E7ED1B9B4AC000D4DFFD /* Util.m in Sources */ = {isa = PBXBuildFile; fileRef = 00F4E7EC1B9B4AC000D4DFFD /* Util.m */; };
		00F4E7F21B9B580000D4DFFD /* BaseViewController.m in Sources */ = {isa = PBXBuildFile; fileRef = 00F4E7F11B9B580000D4DFFD /* BaseViewController.m */; };
		00F4E7F51B9B581400D4DFFD /* BaseTabbarViewController.m in Sources */ = {isa = PBXBuildFile; fileRef = 00F4E7F41B9B581400D4DFFD /* BaseTabbarViewController.m */; };
		00F4E7F91B9B585500D4DFFD /* LocationManager.m in Sources */ = {isa = PBXBuildFile; fileRef = 00F4E7F81B9B585500D4DFFD /* LocationManager.m */; };
		00F4E7FC1B9B585E00D4DFFD /* DataBaseManager.m in Sources */ = {isa = PBXBuildFile; fileRef = 00F4E7FB1B9B585E00D4DFFD /* DataBaseManager.m */; };
		075256BA633865C20971620C /* libPods-Chopchop.a in Frameworks */ = {isa = PBXBuildFile; fileRef = 95F0F6228CAAC34D619A7504 /* libPods-Chopchop.a */; };
/* End PBXBuildFile section */

/* Begin PBXContainerItemProxy section */
		00DD98061B9B41E300BACAE0 /* PBXContainerItemProxy */ = {
			isa = PBXContainerItemProxy;
			containerPortal = 00DD97E41B9B41E300BACAE0 /* Project object */;
			proxyType = 1;
			remoteGlobalIDString = 00DD97EB1B9B41E300BACAE0;
			remoteInfo = Chopchop;
		};
/* End PBXContainerItemProxy section */

/* Begin PBXFileReference section */
		00DD97EC1B9B41E300BACAE0 /* Chopchop.app */ = {isa = PBXFileReference; explicitFileType = wrapper.application; includeInIndex = 0; path = Chopchop.app; sourceTree = BUILT_PRODUCTS_DIR; };
		00DD97F01B9B41E300BACAE0 /* Info.plist */ = {isa = PBXFileReference; lastKnownFileType = text.plist.xml; path = Info.plist; sourceTree = "<group>"; };
		00DD97F11B9B41E300BACAE0 /* main.m */ = {isa = PBXFileReference; lastKnownFileType = sourcecode.c.objc; path = main.m; sourceTree = "<group>"; };
		00DD97F31B9B41E300BACAE0 /* AppDelegate.h */ = {isa = PBXFileReference; lastKnownFileType = sourcecode.c.h; path = AppDelegate.h; sourceTree = "<group>"; };
		00DD97F41B9B41E300BACAE0 /* AppDelegate.m */ = {isa = PBXFileReference; lastKnownFileType = sourcecode.c.objc; path = AppDelegate.m; sourceTree = "<group>"; };
		00DD97F61B9B41E300BACAE0 /* ViewController.h */ = {isa = PBXFileReference; lastKnownFileType = sourcecode.c.h; path = ViewController.h; sourceTree = "<group>"; };
		00DD97F71B9B41E300BACAE0 /* ViewController.m */ = {isa = PBXFileReference; lastKnownFileType = sourcecode.c.objc; path = ViewController.m; sourceTree = "<group>"; };
		00DD97FA1B9B41E300BACAE0 /* Base */ = {isa = PBXFileReference; lastKnownFileType = file.storyboard; name = Base; path = Base.lproj/Main.storyboard; sourceTree = "<group>"; };
		00DD97FC1B9B41E300BACAE0 /* Images.xcassets */ = {isa = PBXFileReference; lastKnownFileType = folder.assetcatalog; path = Images.xcassets; sourceTree = "<group>"; };
		00DD97FF1B9B41E300BACAE0 /* Base */ = {isa = PBXFileReference; lastKnownFileType = file.xib; name = Base; path = Base.lproj/LaunchScreen.xib; sourceTree = "<group>"; };
		00DD98051B9B41E300BACAE0 /* ChopchopTests.xctest */ = {isa = PBXFileReference; explicitFileType = wrapper.cfbundle; includeInIndex = 0; path = ChopchopTests.xctest; sourceTree = BUILT_PRODUCTS_DIR; };
		00DD980A1B9B41E300BACAE0 /* Info.plist */ = {isa = PBXFileReference; lastKnownFileType = text.plist.xml; path = Info.plist; sourceTree = "<group>"; };
		00DD980B1B9B41E300BACAE0 /* ChopchopTests.m */ = {isa = PBXFileReference; lastKnownFileType = sourcecode.c.objc; path = ChopchopTests.m; sourceTree = "<group>"; };
		00F4E7EB1B9B4AC000D4DFFD /* Util.h */ = {isa = PBXFileReference; fileEncoding = 4; lastKnownFileType = sourcecode.c.h; path = Util.h; sourceTree = "<group>"; };
		00F4E7EC1B9B4AC000D4DFFD /* Util.m */ = {isa = PBXFileReference; fileEncoding = 4; lastKnownFileType = sourcecode.c.objc; path = Util.m; sourceTree = "<group>"; };
		00F4E7F01B9B580000D4DFFD /* BaseViewController.h */ = {isa = PBXFileReference; fileEncoding = 4; lastKnownFileType = sourcecode.c.h; path = BaseViewController.h; sourceTree = "<group>"; };
		00F4E7F11B9B580000D4DFFD /* BaseViewController.m */ = {isa = PBXFileReference; fileEncoding = 4; lastKnownFileType = sourcecode.c.objc; path = BaseViewController.m; sourceTree = "<group>"; };
		00F4E7F31B9B581400D4DFFD /* BaseTabbarViewController.h */ = {isa = PBXFileReference; fileEncoding = 4; lastKnownFileType = sourcecode.c.h; path = BaseTabbarViewController.h; sourceTree = "<group>"; };
		00F4E7F41B9B581400D4DFFD /* BaseTabbarViewController.m */ = {isa = PBXFileReference; fileEncoding = 4; lastKnownFileType = sourcecode.c.objc; path = BaseTabbarViewController.m; sourceTree = "<group>"; };
		00F4E7F71B9B585500D4DFFD /* LocationManager.h */ = {isa = PBXFileReference; fileEncoding = 4; lastKnownFileType = sourcecode.c.h; path = LocationManager.h; sourceTree = "<group>"; };
		00F4E7F81B9B585500D4DFFD /* LocationManager.m */ = {isa = PBXFileReference; fileEncoding = 4; lastKnownFileType = sourcecode.c.objc; path = LocationManager.m; sourceTree = "<group>"; };
		00F4E7FA1B9B585E00D4DFFD /* DataBaseManager.h */ = {isa = PBXFileReference; fileEncoding = 4; lastKnownFileType = sourcecode.c.h; path = DataBaseManager.h; sourceTree = "<group>"; };
		00F4E7FB1B9B585E00D4DFFD /* DataBaseManager.m */ = {isa = PBXFileReference; fileEncoding = 4; lastKnownFileType = sourcecode.c.objc; path = DataBaseManager.m; sourceTree = "<group>"; };
		2FF19C7F8CEFDBBE35B196C2 /* Pods-Chopchop.release.xcconfig */ = {isa = PBXFileReference; includeInIndex = 1; lastKnownFileType = text.xcconfig; name = "Pods-Chopchop.release.xcconfig"; path = "Pods/Target Support Files/Pods-Chopchop/Pods-Chopchop.release.xcconfig"; sourceTree = "<group>"; };
		33560463767F5E6AE6C4A05C /* Pods-Chopchop.debug.xcconfig */ = {isa = PBXFileReference; includeInIndex = 1; lastKnownFileType = text.xcconfig; name = "Pods-Chopchop.debug.xcconfig"; path = "Pods/Target Support Files/Pods-Chopchop/Pods-Chopchop.debug.xcconfig"; sourceTree = "<group>"; };
		95F0F6228CAAC34D619A7504 /* libPods-Chopchop.a */ = {isa = PBXFileReference; explicitFileType = archive.ar; includeInIndex = 0; path = "libPods-Chopchop.a"; sourceTree = BUILT_PRODUCTS_DIR; };
/* End PBXFileReference section */

/* Begin PBXFrameworksBuildPhase section */
		00DD97E91B9B41E300BACAE0 /* Frameworks */ = {
			isa = PBXFrameworksBuildPhase;
			buildActionMask = 2147483647;
			files = (
				075256BA633865C20971620C /* libPods-Chopchop.a in Frameworks */,
			);
			runOnlyForDeploymentPostprocessing = 0;
		};
		00DD98021B9B41E300BACAE0 /* Frameworks */ = {
			isa = PBXFrameworksBuildPhase;
			buildActionMask = 2147483647;
			files = (
			);
			runOnlyForDeploymentPostprocessing = 0;
		};
/* End PBXFrameworksBuildPhase section */

/* Begin PBXGroup section */
		00DD97E31B9B41E300BACAE0 = {
			isa = PBXGroup;
			children = (
				00DD97EE1B9B41E300BACAE0 /* Chopchop */,
				00DD98081B9B41E300BACAE0 /* ChopchopTests */,
				00DD97ED1B9B41E300BACAE0 /* Products */,
				7719AFE2E2D5B1997C6CE688 /* Pods */,
				8C10254495C90E02B9597A02 /* Frameworks */,
			);
			sourceTree = "<group>";
		};
		00DD97ED1B9B41E300BACAE0 /* Products */ = {
			isa = PBXGroup;
			children = (
				00DD97EC1B9B41E300BACAE0 /* Chopchop.app */,
				00DD98051B9B41E300BACAE0 /* ChopchopTests.xctest */,
			);
			name = Products;
			sourceTree = "<group>";
		};
		00DD97EE1B9B41E300BACAE0 /* Chopchop */ = {
			isa = PBXGroup;
			children = (
				00F4E7F61B9B584300D4DFFD /* Manager */,
				00F4E7EF1B9B57F300D4DFFD /* Base */,
				00F4E7EA1B9B4AA500D4DFFD /* Common */,
				00DD97F31B9B41E300BACAE0 /* AppDelegate.h */,
				00DD97F41B9B41E300BACAE0 /* AppDelegate.m */,
				00DD97F61B9B41E300BACAE0 /* ViewController.h */,
				00DD97F71B9B41E300BACAE0 /* ViewController.m */,
				00DD97F91B9B41E300BACAE0 /* Main.storyboard */,
				00DD97FC1B9B41E300BACAE0 /* Images.xcassets */,
				00DD97FE1B9B41E300BACAE0 /* LaunchScreen.xib */,
				00DD97EF1B9B41E300BACAE0 /* Supporting Files */,
			);
			path = Chopchop;
			sourceTree = "<group>";
		};
		00DD97EF1B9B41E300BACAE0 /* Supporting Files */ = {
			isa = PBXGroup;
			children = (
				00DD97F01B9B41E300BACAE0 /* Info.plist */,
				00DD97F11B9B41E300BACAE0 /* main.m */,
			);
			name = "Supporting Files";
			sourceTree = "<group>";
		};
		00DD98081B9B41E300BACAE0 /* ChopchopTests */ = {
			isa = PBXGroup;
			children = (
				00DD980B1B9B41E300BACAE0 /* ChopchopTests.m */,
				00DD98091B9B41E300BACAE0 /* Supporting Files */,
			);
			path = ChopchopTests;
			sourceTree = "<group>";
		};
		00DD98091B9B41E300BACAE0 /* Supporting Files */ = {
			isa = PBXGroup;
			children = (
				00DD980A1B9B41E300BACAE0 /* Info.plist */,
			);
			name = "Supporting Files";
			sourceTree = "<group>";
		};
		00F4E7EA1B9B4AA500D4DFFD /* Common */ = {
			isa = PBXGroup;
			children = (
				00F4E7EB1B9B4AC000D4DFFD /* Util.h */,
				00F4E7EC1B9B4AC000D4DFFD /* Util.m */,
			);
			name = Common;
			sourceTree = "<group>";
		};
		00F4E7EF1B9B57F300D4DFFD /* Base */ = {
			isa = PBXGroup;
			children = (
				00F4E7F01B9B580000D4DFFD /* BaseViewController.h */,
				00F4E7F11B9B580000D4DFFD /* BaseViewController.m */,
				00F4E7F31B9B581400D4DFFD /* BaseTabbarViewController.h */,
				00F4E7F41B9B581400D4DFFD /* BaseTabbarViewController.m */,
			);
			name = Base;
			sourceTree = "<group>";
		};
		00F4E7F61B9B584300D4DFFD /* Manager */ = {
			isa = PBXGroup;
			children = (
				00F4E7F71B9B585500D4DFFD /* LocationManager.h */,
				00F4E7F81B9B585500D4DFFD /* LocationManager.m */,
				00F4E7FA1B9B585E00D4DFFD /* DataBaseManager.h */,
				00F4E7FB1B9B585E00D4DFFD /* DataBaseManager.m */,
			);
			name = Manager;
			sourceTree = "<group>";
		};
		7719AFE2E2D5B1997C6CE688 /* Pods */ = {
			isa = PBXGroup;
			children = (
				33560463767F5E6AE6C4A05C /* Pods-Chopchop.debug.xcconfig */,
				2FF19C7F8CEFDBBE35B196C2 /* Pods-Chopchop.release.xcconfig */,
			);
			name = Pods;
			sourceTree = "<group>";
		};
		8C10254495C90E02B9597A02 /* Frameworks */ = {
			isa = PBXGroup;
			children = (
				95F0F6228CAAC34D619A7504 /* libPods-Chopchop.a */,
			);
			name = Frameworks;
			sourceTree = "<group>";
		};
/* End PBXGroup section */

/* Begin PBXNativeTarget section */
		00DD97EB1B9B41E300BACAE0 /* Chopchop */ = {
			isa = PBXNativeTarget;
			buildConfigurationList = 00DD980F1B9B41E300BACAE0 /* Build configuration list for PBXNativeTarget "Chopchop" */;
			buildPhases = (
				88595E5D3AAC9D0B6063FE83 /* Check Pods Manifest.lock */,
				00DD97E81B9B41E300BACAE0 /* Sources */,
				00DD97E91B9B41E300BACAE0 /* Frameworks */,
				00DD97EA1B9B41E300BACAE0 /* Resources */,
				BB1B4CC945D5B04492FFAF06 /* Copy Pods Resources */,
				00F4E7EE1B9B4CC700D4DFFD /* ShellScript */,
			);
			buildRules = (
			);
			dependencies = (
			);
			name = Chopchop;
			productName = Chopchop;
			productReference = 00DD97EC1B9B41E300BACAE0 /* Chopchop.app */;
			productType = "com.apple.product-type.application";
		};
		00DD98041B9B41E300BACAE0 /* ChopchopTests */ = {
			isa = PBXNativeTarget;
			buildConfigurationList = 00DD98121B9B41E300BACAE0 /* Build configuration list for PBXNativeTarget "ChopchopTests" */;
			buildPhases = (
				00DD98011B9B41E300BACAE0 /* Sources */,
				00DD98021B9B41E300BACAE0 /* Frameworks */,
				00DD98031B9B41E300BACAE0 /* Resources */,
			);
			buildRules = (
			);
			dependencies = (
				00DD98071B9B41E300BACAE0 /* PBXTargetDependency */,
			);
			name = ChopchopTests;
			productName = ChopchopTests;
			productReference = 00DD98051B9B41E300BACAE0 /* ChopchopTests.xctest */;
			productType = "com.apple.product-type.bundle.unit-test";
		};
/* End PBXNativeTarget section */

/* Begin PBXProject section */
		00DD97E41B9B41E300BACAE0 /* Project object */ = {
			isa = PBXProject;
			attributes = {
				LastUpgradeCheck = 0640;
				ORGANIZATIONNAME = Arie;
				TargetAttributes = {
					00DD97EB1B9B41E300BACAE0 = {
						CreatedOnToolsVersion = 6.4;
					};
					00DD98041B9B41E300BACAE0 = {
						CreatedOnToolsVersion = 6.4;
						TestTargetID = 00DD97EB1B9B41E300BACAE0;
					};
				};
			};
			buildConfigurationList = 00DD97E71B9B41E300BACAE0 /* Build configuration list for PBXProject "Chopchop" */;
			compatibilityVersion = "Xcode 3.2";
			developmentRegion = English;
			hasScannedForEncodings = 0;
			knownRegions = (
				en,
				Base,
			);
			mainGroup = 00DD97E31B9B41E300BACAE0;
			productRefGroup = 00DD97ED1B9B41E300BACAE0 /* Products */;
			projectDirPath = "";
			projectRoot = "";
			targets = (
				00DD97EB1B9B41E300BACAE0 /* Chopchop */,
				00DD98041B9B41E300BACAE0 /* ChopchopTests */,
			);
		};
/* End PBXProject section */

/* Begin PBXResourcesBuildPhase section */
		00DD97EA1B9B41E300BACAE0 /* Resources */ = {
			isa = PBXResourcesBuildPhase;
			buildActionMask = 2147483647;
			files = (
				00DD97FB1B9B41E300BACAE0 /* Main.storyboard in Resources */,
				00DD98001B9B41E300BACAE0 /* LaunchScreen.xib in Resources */,
				00DD97FD1B9B41E300BACAE0 /* Images.xcassets in Resources */,
			);
			runOnlyForDeploymentPostprocessing = 0;
		};
		00DD98031B9B41E300BACAE0 /* Resources */ = {
			isa = PBXResourcesBuildPhase;
			buildActionMask = 2147483647;
			files = (
			);
			runOnlyForDeploymentPostprocessing = 0;
		};
/* End PBXResourcesBuildPhase section */

/* Begin PBXShellScriptBuildPhase section */
		00F4E7EE1B9B4CC700D4DFFD /* ShellScript */ = {
			isa = PBXShellScriptBuildPhase;
			buildActionMask = 2147483647;
			files = (
			);
			inputPaths = (
			);
			outputPaths = (
			);
			runOnlyForDeploymentPostprocessing = 0;
			shellPath = /bin/sh;
			shellScript = "\"${PODS_ROOT}/Fabric/Fabric.framework/run\" 4165a61ef093b00352a634db8c625bdbd68ff756 eb6ccec33a3a87d11b8db531559c5d421872993e1fe44eaff47e42ff86e26e3d";
		};
		88595E5D3AAC9D0B6063FE83 /* Check Pods Manifest.lock */ = {
			isa = PBXShellScriptBuildPhase;
			buildActionMask = 2147483647;
			files = (
			);
			inputPaths = (
			);
			name = "Check Pods Manifest.lock";
			outputPaths = (
			);
			runOnlyForDeploymentPostprocessing = 0;
			shellPath = /bin/sh;
			shellScript = "diff \"${PODS_ROOT}/../Podfile.lock\" \"${PODS_ROOT}/Manifest.lock\" > /dev/null\nif [[ $? != 0 ]] ; then\n    cat << EOM\nerror: The sandbox is not in sync with the Podfile.lock. Run 'pod install' or update your CocoaPods installation.\nEOM\n    exit 1\nfi\n";
			showEnvVarsInLog = 0;
		};
		BB1B4CC945D5B04492FFAF06 /* Copy Pods Resources */ = {
			isa = PBXShellScriptBuildPhase;
			buildActionMask = 2147483647;
			files = (
			);
			inputPaths = (
			);
			name = "Copy Pods Resources";
			outputPaths = (
			);
			runOnlyForDeploymentPostprocessing = 0;
			shellPath = /bin/sh;
			shellScript = "\"${SRCROOT}/Pods/Target Support Files/Pods-Chopchop/Pods-Chopchop-resources.sh\"\n";
			showEnvVarsInLog = 0;
		};
/* End PBXShellScriptBuildPhase section */

/* Begin PBXSourcesBuildPhase section */
		00DD97E81B9B41E300BACAE0 /* Sources */ = {
			isa = PBXSourcesBuildPhase;
			buildActionMask = 2147483647;
			files = (
				00DD97F81B9B41E300BACAE0 /* ViewController.m in Sources */,
				00F4E7F91B9B585500D4DFFD /* LocationManager.m in Sources */,
				00F4E7F21B9B580000D4DFFD /* BaseViewController.m in Sources */,
				00DD97F51B9B41E300BACAE0 /* AppDelegate.m in Sources */,
				00F4E7FC1B9B585E00D4DFFD /* DataBaseManager.m in Sources */,
				00F4E7F51B9B581400D4DFFD /* BaseTabbarViewController.m in Sources */,
				00DD97F21B9B41E300BACAE0 /* main.m in Sources */,
				00F4E7ED1B9B4AC000D4DFFD /* Util.m in Sources */,
			);
			runOnlyForDeploymentPostprocessing = 0;
		};
		00DD98011B9B41E300BACAE0 /* Sources */ = {
			isa = PBXSourcesBuildPhase;
			buildActionMask = 2147483647;
			files = (
				00DD980C1B9B41E300BACAE0 /* ChopchopTests.m in Sources */,
			);
			runOnlyForDeploymentPostprocessing = 0;
		};
/* End PBXSourcesBuildPhase section */

/* Begin PBXTargetDependency section */
		00DD98071B9B41E300BACAE0 /* PBXTargetDependency */ = {
			isa = PBXTargetDependency;
			target = 00DD97EB1B9B41E300BACAE0 /* Chopchop */;
			targetProxy = 00DD98061B9B41E300BACAE0 /* PBXContainerItemProxy */;
		};
/* End PBXTargetDependency section */

/* Begin PBXVariantGroup section */
		00DD97F91B9B41E300BACAE0 /* Main.storyboard */ = {
			isa = PBXVariantGroup;
			children = (
				00DD97FA1B9B41E300BACAE0 /* Base */,
			);
			name = Main.storyboard;
			sourceTree = "<group>";
		};
		00DD97FE1B9B41E300BACAE0 /* LaunchScreen.xib */ = {
			isa = PBXVariantGroup;
			children = (
				00DD97FF1B9B41E300BACAE0 /* Base */,
			);
			name = LaunchScreen.xib;
			sourceTree = "<group>";
		};
/* End PBXVariantGroup section */

/* Begin XCBuildConfiguration section */
		00DD980D1B9B41E300BACAE0 /* Debug */ = {
			isa = XCBuildConfiguration;
			buildSettings = {
				ALWAYS_SEARCH_USER_PATHS = NO;
				CLANG_CXX_LANGUAGE_STANDARD = "gnu++0x";
				CLANG_CXX_LIBRARY = "libc++";
				CLANG_ENABLE_MODULES = YES;
				CLANG_ENABLE_OBJC_ARC = YES;
				CLANG_WARN_BOOL_CONVERSION = YES;
				CLANG_WARN_CONSTANT_CONVERSION = YES;
				CLANG_WARN_DIRECT_OBJC_ISA_USAGE = YES_ERROR;
				CLANG_WARN_EMPTY_BODY = YES;
				CLANG_WARN_ENUM_CONVERSION = YES;
				CLANG_WARN_INT_CONVERSION = YES;
				CLANG_WARN_OBJC_ROOT_CLASS = YES_ERROR;
				CLANG_WARN_UNREACHABLE_CODE = YES;
				CLANG_WARN__DUPLICATE_METHOD_MATCH = YES;
				"CODE_SIGN_IDENTITY[sdk=iphoneos*]" = "iPhone Developer";
				COPY_PHASE_STRIP = NO;
				DEBUG_INFORMATION_FORMAT = "dwarf-with-dsym";
				ENABLE_STRICT_OBJC_MSGSEND = YES;
				GCC_C_LANGUAGE_STANDARD = gnu99;
				GCC_DYNAMIC_NO_PIC = NO;
				GCC_NO_COMMON_BLOCKS = YES;
				GCC_OPTIMIZATION_LEVEL = 0;
				GCC_PREPROCESSOR_DEFINITIONS = (
					"DEBUG=1",
					"$(inherited)",
				);
				GCC_SYMBOLS_PRIVATE_EXTERN = NO;
				GCC_WARN_64_TO_32_BIT_CONVERSION = YES;
				GCC_WARN_ABOUT_RETURN_TYPE = YES_ERROR;
				GCC_WARN_UNDECLARED_SELECTOR = YES;
				GCC_WARN_UNINITIALIZED_AUTOS = YES_AGGRESSIVE;
				GCC_WARN_UNUSED_FUNCTION = YES;
				GCC_WARN_UNUSED_VARIABLE = YES;
				IPHONEOS_DEPLOYMENT_TARGET = 8.4;
				MTL_ENABLE_DEBUG_INFO = YES;
				ONLY_ACTIVE_ARCH = YES;
				SDKROOT = iphoneos;
			};
			name = Debug;
		};
		00DD980E1B9B41E300BACAE0 /* Release */ = {
			isa = XCBuildConfiguration;
			buildSettings = {
				ALWAYS_SEARCH_USER_PATHS = NO;
				CLANG_CXX_LANGUAGE_STANDARD = "gnu++0x";
				CLANG_CXX_LIBRARY = "libc++";
				CLANG_ENABLE_MODULES = YES;
				CLANG_ENABLE_OBJC_ARC = YES;
				CLANG_WARN_BOOL_CONVERSION = YES;
				CLANG_WARN_CONSTANT_CONVERSION = YES;
				CLANG_WARN_DIRECT_OBJC_ISA_USAGE = YES_ERROR;
				CLANG_WARN_EMPTY_BODY = YES;
				CLANG_WARN_ENUM_CONVERSION = YES;
				CLANG_WARN_INT_CONVERSION = YES;
				CLANG_WARN_OBJC_ROOT_CLASS = YES_ERROR;
				CLANG_WARN_UNREACHABLE_CODE = YES;
				CLANG_WARN__DUPLICATE_METHOD_MATCH = YES;
				"CODE_SIGN_IDENTITY[sdk=iphoneos*]" = "iPhone Developer";
				COPY_PHASE_STRIP = NO;
				DEBUG_INFORMATION_FORMAT = "dwarf-with-dsym";
				ENABLE_NS_ASSERTIONS = NO;
				ENABLE_STRICT_OBJC_MSGSEND = YES;
				GCC_C_LANGUAGE_STANDARD = gnu99;
				GCC_NO_COMMON_BLOCKS = YES;
				GCC_WARN_64_TO_32_BIT_CONVERSION = YES;
				GCC_WARN_ABOUT_RETURN_TYPE = YES_ERROR;
				GCC_WARN_UNDECLARED_SELECTOR = YES;
				GCC_WARN_UNINITIALIZED_AUTOS = YES_AGGRESSIVE;
				GCC_WARN_UNUSED_FUNCTION = YES;
				GCC_WARN_UNUSED_VARIABLE = YES;
				IPHONEOS_DEPLOYMENT_TARGET = 8.4;
				MTL_ENABLE_DEBUG_INFO = NO;
				SDKROOT = iphoneos;
				VALIDATE_PRODUCT = YES;
			};
			name = Release;
		};
		00DD98101B9B41E300BACAE0 /* Debug */ = {
			isa = XCBuildConfiguration;
			baseConfigurationReference = 33560463767F5E6AE6C4A05C /* Pods-Chopchop.debug.xcconfig */;
			buildSettings = {
				ASSETCATALOG_COMPILER_APPICON_NAME = AppIcon;
				INFOPLIST_FILE = Chopchop/Info.plist;
				LD_RUNPATH_SEARCH_PATHS = "$(inherited) @executable_path/Frameworks";
				PRODUCT_NAME = "$(TARGET_NAME)";
			};
			name = Debug;
		};
		00DD98111B9B41E300BACAE0 /* Release */ = {
			isa = XCBuildConfiguration;
			baseConfigurationReference = 2FF19C7F8CEFDBBE35B196C2 /* Pods-Chopchop.release.xcconfig */;
			buildSettings = {
				ASSETCATALOG_COMPILER_APPICON_NAME = AppIcon;
				INFOPLIST_FILE = Chopchop/Info.plist;
				LD_RUNPATH_SEARCH_PATHS = "$(inherited) @executable_path/Frameworks";
				PRODUCT_NAME = "$(TARGET_NAME)";
			};
			name = Release;
		};
		00DD98131B9B41E300BACAE0 /* Debug */ = {
			isa = XCBuildConfiguration;
			buildSettings = {
				BUNDLE_LOADER = "$(TEST_HOST)";
				FRAMEWORK_SEARCH_PATHS = (
					"$(SDKROOT)/Developer/Library/Frameworks",
					"$(inherited)",
				);
				GCC_PREPROCESSOR_DEFINITIONS = (
					"DEBUG=1",
					"$(inherited)",
				);
				INFOPLIST_FILE = ChopchopTests/Info.plist;
				LD_RUNPATH_SEARCH_PATHS = "$(inherited) @executable_path/Frameworks @loader_path/Frameworks";
				PRODUCT_NAME = "$(TARGET_NAME)";
				TEST_HOST = "$(BUILT_PRODUCTS_DIR)/Chopchop.app/Chopchop";
			};
			name = Debug;
		};
		00DD98141B9B41E300BACAE0 /* Release */ = {
			isa = XCBuildConfiguration;
			buildSettings = {
				BUNDLE_LOADER = "$(TEST_HOST)";
				FRAMEWORK_SEARCH_PATHS = (
					"$(SDKROOT)/Developer/Library/Frameworks",
					"$(inherited)",
				);
				INFOPLIST_FILE = ChopchopTests/Info.plist;
				LD_RUNPATH_SEARCH_PATHS = "$(inherited) @executable_path/Frameworks @loader_path/Frameworks";
				PRODUCT_NAME = "$(TARGET_NAME)";
				TEST_HOST = "$(BUILT_PRODUCTS_DIR)/Chopchop.app/Chopchop";
			};
			name = Release;
		};
/* End XCBuildConfiguration section */

/* Begin XCConfigurationList section */
		00DD97E71B9B41E300BACAE0 /* Build configuration list for PBXProject "Chopchop" */ = {
			isa = XCConfigurationList;
			buildConfigurations = (
				00DD980D1B9B41E300BACAE0 /* Debug */,
				00DD980E1B9B41E300BACAE0 /* Release */,
			);
			defaultConfigurationIsVisible = 0;
			defaultConfigurationName = Release;
		};
		00DD980F1B9B41E300BACAE0 /* Build configuration list for PBXNativeTarget "Chopchop" */ = {
			isa = XCConfigurationList;
			buildConfigurations = (
				00DD98101B9B41E300BACAE0 /* Debug */,
				00DD98111B9B41E300BACAE0 /* Release */,
			);
			defaultConfigurationIsVisible = 0;
			defaultConfigurationName = Release;
		};
		00DD98121B9B41E300BACAE0 /* Build configuration list for PBXNativeTarget "ChopchopTests" */ = {
			isa = XCConfigurationList;
			buildConfigurations = (
				00DD98131B9B41E300BACAE0 /* Debug */,
				00DD98141B9B41E300BACAE0 /* Release */,
			);
			defaultConfigurationIsVisible = 0;
			defaultConfigurationName = Release;
		};
/* End XCConfigurationList section */
	};
	rootObject = 00DD97E41B9B41E300BACAE0 /* Project object */;
}
